// !$*UTF8*$!
{
	archiveVersion = 1;
	classes = {
	};
	objectVersion = 50;
	objects = {

/* Begin PBXBuildFile section */
		26C3D5D680E47A74FB79CFE1 /* Pods_TCBA_MERCHANTS.framework in Frameworks */ = {isa = PBXBuildFile; fileRef = 044C829249AADEDFD33D6C53 /* Pods_TCBA_MERCHANTS.framework */; };
		7900FB45214670EF00BC3D36 /* TMDatePickerVC.swift in Sources */ = {isa = PBXBuildFile; fileRef = 7900FB44214670EF00BC3D36 /* TMDatePickerVC.swift */; };
		7901887E213FE8A100C9110B /* CKEditor in Resources */ = {isa = PBXBuildFile; fileRef = 7901887D213FE8A100C9110B /* CKEditor */; };
		7903C4EF2162221A0065B51C /* GetAboutUsSectionModel.swift in Sources */ = {isa = PBXBuildFile; fileRef = 7903C4EE2162221A0065B51C /* GetAboutUsSectionModel.swift */; };
		7903C4F121622A630065B51C /* TMAboutUsSubLisDetailVC.swift in Sources */ = {isa = PBXBuildFile; fileRef = 7903C4F021622A630065B51C /* TMAboutUsSubLisDetailVC.swift */; };
		7905A0F4212BE9770079712A /* DynamicColView.swift in Sources */ = {isa = PBXBuildFile; fileRef = 7905A0F3212BE9770079712A /* DynamicColView.swift */; };
		7905A0F6212C22EE0079712A /* TMStorePaymentTVCell.swift in Sources */ = {isa = PBXBuildFile; fileRef = 7905A0F5212C22EE0079712A /* TMStorePaymentTVCell.swift */; };
		7908E4992122E1EA00E908EC /* MemberTrasactionModal.swift in Sources */ = {isa = PBXBuildFile; fileRef = 7908E4982122E1EA00E908EC /* MemberTrasactionModal.swift */; };
		7908E49B2122F6A500E908EC /* TMMemberTransactionVC.swift in Sources */ = {isa = PBXBuildFile; fileRef = 7908E49A2122F6A500E908EC /* TMMemberTransactionVC.swift */; };
		790D392321083B720073AE4C /* GAPIConstant.swift in Sources */ = {isa = PBXBuildFile; fileRef = 790D392221083B720073AE4C /* GAPIConstant.swift */; };
		790D39252108477E0073AE4C /* ApiManager.swift in Sources */ = {isa = PBXBuildFile; fileRef = 790D39242108477E0073AE4C /* ApiManager.swift */; };
		790D392721084A3B0073AE4C /* Connectivity.swift in Sources */ = {isa = PBXBuildFile; fileRef = 790D392621084A3B0073AE4C /* Connectivity.swift */; };
		790D392921084B4A0073AE4C /* GFunction.swift in Sources */ = {isa = PBXBuildFile; fileRef = 790D392821084B4A0073AE4C /* GFunction.swift */; };
		790D392B21084BF90073AE4C /* Events.swift in Sources */ = {isa = PBXBuildFile; fileRef = 790D392A21084BF90073AE4C /* Events.swift */; };
		790D392F210865110073AE4C /* LoaderAnim.gif in Resources */ = {isa = PBXBuildFile; fileRef = 790D392E210865100073AE4C /* LoaderAnim.gif */; };
		790E31FE212FC78500224EDB /* TMPopUPVC.swift in Sources */ = {isa = PBXBuildFile; fileRef = 790E31FD212FC78500224EDB /* TMPopUPVC.swift */; };
		790F0B9020F71ACB00082B79 /* BlocSSiBold.ttf in Resources */ = {isa = PBXBuildFile; fileRef = 790F0B8F20F71ACB00082B79 /* BlocSSiBold.ttf */; };
		791231322140FDA900E475CF /* TMTradingHoursVC.swift in Sources */ = {isa = PBXBuildFile; fileRef = 791231312140FDA900E475CF /* TMTradingHoursVC.swift */; };
		791231342141000700E475CF /* TMContactDetailVC.swift in Sources */ = {isa = PBXBuildFile; fileRef = 791231332141000700E475CF /* TMContactDetailVC.swift */; };
		791231362141024B00E475CF /* TMBankDetailsVC.swift in Sources */ = {isa = PBXBuildFile; fileRef = 791231352141024B00E475CF /* TMBankDetailsVC.swift */; };
		79123138214102AA00E475CF /* TMStoreImagesVC.swift in Sources */ = {isa = PBXBuildFile; fileRef = 79123137214102AA00E475CF /* TMStoreImagesVC.swift */; };
		7912313A2141030D00E475CF /* TMMainImageVC.swift in Sources */ = {isa = PBXBuildFile; fileRef = 791231392141030D00E475CF /* TMMainImageVC.swift */; };
		7912313D2141136500E475CF /* TMTradingCell.swift in Sources */ = {isa = PBXBuildFile; fileRef = 7912313C2141136500E475CF /* TMTradingCell.swift */; };
		7912314021412E8600E475CF /* TradingHourModel.swift in Sources */ = {isa = PBXBuildFile; fileRef = 7912313F21412E8600E475CF /* TradingHourModel.swift */; };
		791231442141534D00E475CF /* TMTradingSplitCell.swift in Sources */ = {isa = PBXBuildFile; fileRef = 791231432141534D00E475CF /* TMTradingSplitCell.swift */; };
		7913DC3F2109A525000D1A9C /* Time.swift in Sources */ = {isa = PBXBuildFile; fileRef = 7913DC3E2109A525000D1A9C /* Time.swift */; };
		7913DC412109B6A1000D1A9C /* UserLoginModel.swift in Sources */ = {isa = PBXBuildFile; fileRef = 7913DC402109B6A1000D1A9C /* UserLoginModel.swift */; };
		7915B41F21662A640000CCC4 /* TMVideoVC.swift in Sources */ = {isa = PBXBuildFile; fileRef = 7915B41E21662A640000CCC4 /* TMVideoVC.swift */; };
		7915B421216633B20000CCC4 /* TMVideoSubLisVC.swift in Sources */ = {isa = PBXBuildFile; fileRef = 7915B420216633B20000CCC4 /* TMVideoSubLisVC.swift */; };
		7915B423216635B80000CCC4 /* TMVideoCell.swift in Sources */ = {isa = PBXBuildFile; fileRef = 7915B422216635B80000CCC4 /* TMVideoCell.swift */; };
		791B4289212AA1070064AF34 /* TMStorePaymentCVCell.swift in Sources */ = {isa = PBXBuildFile; fileRef = 791B4288212AA1070064AF34 /* TMStorePaymentCVCell.swift */; };
		791B428B212ABCBA0064AF34 /* CircleView.swift in Sources */ = {isa = PBXBuildFile; fileRef = 791B428A212ABCBA0064AF34 /* CircleView.swift */; };
		792534D9211C629E0028C45D /* RoundedImage.swift in Sources */ = {isa = PBXBuildFile; fileRef = 792534D8211C629E0028C45D /* RoundedImage.swift */; };
		792B541920F5DD30000223F7 /* AppDelegate.swift in Sources */ = {isa = PBXBuildFile; fileRef = 792B541820F5DD30000223F7 /* AppDelegate.swift */; };
		792B541E20F5DD30000223F7 /* Main.storyboard in Resources */ = {isa = PBXBuildFile; fileRef = 792B541C20F5DD30000223F7 /* Main.storyboard */; };
		792B542020F5DD32000223F7 /* Assets.xcassets in Resources */ = {isa = PBXBuildFile; fileRef = 792B541F20F5DD32000223F7 /* Assets.xcassets */; };
		792B542E20F5E2B6000223F7 /* TMLoginViewController.swift in Sources */ = {isa = PBXBuildFile; fileRef = 792B542D20F5E2B6000223F7 /* TMLoginViewController.swift */; };
		792B543A20F5EFB4000223F7 /* GConstants.swift in Sources */ = {isa = PBXBuildFile; fileRef = 792B543920F5EFB4000223F7 /* GConstants.swift */; };
		792B543C20F5F0DA000223F7 /* GExtentions.swift in Sources */ = {isa = PBXBuildFile; fileRef = 792B543B20F5F0DA000223F7 /* GExtentions.swift */; };
		792B544A20F5F485000223F7 /* DPPickerManager.swift in Sources */ = {isa = PBXBuildFile; fileRef = 792B544220F5F485000223F7 /* DPPickerManager.swift */; };
		792B544C20F5F485000223F7 /* StringHelper.swift in Sources */ = {isa = PBXBuildFile; fileRef = 792B544420F5F485000223F7 /* StringHelper.swift */; };
		792B545920F63663000223F7 /* OpenSans-Regular.ttf in Resources */ = {isa = PBXBuildFile; fileRef = 792B545620F63663000223F7 /* OpenSans-Regular.ttf */; };
		792B545A20F63663000223F7 /* OpenSans-Bold.ttf in Resources */ = {isa = PBXBuildFile; fileRef = 792B545720F63663000223F7 /* OpenSans-Bold.ttf */; };
		792B545B20F63663000223F7 /* OpenSans-Semibold.ttf in Resources */ = {isa = PBXBuildFile; fileRef = 792B545820F63663000223F7 /* OpenSans-Semibold.ttf */; };
		792F28C3212192C20033E7A2 /* GradientView.swift in Sources */ = {isa = PBXBuildFile; fileRef = 792F28C2212192C20033E7A2 /* GradientView.swift */; };
		792F28C52121B1040033E7A2 /* TMQRScannerVC.swift in Sources */ = {isa = PBXBuildFile; fileRef = 792F28C42121B1040033E7A2 /* TMQRScannerVC.swift */; };
		7933FCA621118E6000E9B49B /* TMHistoryTableViewCell.swift in Sources */ = {isa = PBXBuildFile; fileRef = 7933FCA521118E5F00E9B49B /* TMHistoryTableViewCell.swift */; };
		7933FCAA2111B3FD00E9B49B /* TransactionDataModal.swift in Sources */ = {isa = PBXBuildFile; fileRef = 7933FCA92111B3FD00E9B49B /* TransactionDataModal.swift */; };
		7933FCAC2111BA7E00E9B49B /* IncompleteTransactionData.swift in Sources */ = {isa = PBXBuildFile; fileRef = 7933FCAB2111BA7E00E9B49B /* IncompleteTransactionData.swift */; };
		793578AA21423A0E00BA6D7B /* TMTradingJoinCell.swift in Sources */ = {isa = PBXBuildFile; fileRef = 793578A921423A0E00BA6D7B /* TMTradingJoinCell.swift */; };
		79380A3A2105B17100FB4776 /* TMTabbarViewController.swift in Sources */ = {isa = PBXBuildFile; fileRef = 79380A392105B17100FB4776 /* TMTabbarViewController.swift */; };
		79380A412105BBDB00FB4776 /* TMShareViewController.swift in Sources */ = {isa = PBXBuildFile; fileRef = 79380A402105BBDB00FB4776 /* TMShareViewController.swift */; };
		79380A432105BFD800FB4776 /* TMTransactionViewController.swift in Sources */ = {isa = PBXBuildFile; fileRef = 79380A422105BFD800FB4776 /* TMTransactionViewController.swift */; };
		79380A452105BFF200FB4776 /* TMHistoryViewController.swift in Sources */ = {isa = PBXBuildFile; fileRef = 79380A442105BFF200FB4776 /* TMHistoryViewController.swift */; };
		7941F33121A2E4BA00EF833C /* onboarding_f_score.png in Resources */ = {isa = PBXBuildFile; fileRef = 7941F32921A2E4B600EF833C /* onboarding_f_score.png */; };
		7941F33221A2E4BA00EF833C /* onboarding_a_around.jpg in Resources */ = {isa = PBXBuildFile; fileRef = 7941F32A21A2E4B600EF833C /* onboarding_a_around.jpg */; };
		7941F33321A2E4BA00EF833C /* onboarding_e_share.png in Resources */ = {isa = PBXBuildFile; fileRef = 7941F32B21A2E4B600EF833C /* onboarding_e_share.png */; };
		7941F33421A2E4BA00EF833C /* onboarding_g_started.png in Resources */ = {isa = PBXBuildFile; fileRef = 7941F32C21A2E4B700EF833C /* onboarding_g_started.png */; };
		7941F33521A2E4BA00EF833C /* onboarding_d_gift_cards_in_store.png in Resources */ = {isa = PBXBuildFile; fileRef = 7941F32D21A2E4B800EF833C /* onboarding_d_gift_cards_in_store.png */; };
		7941F33621A2E4BA00EF833C /* onboarding_b_major_brands.png in Resources */ = {isa = PBXBuildFile; fileRef = 7941F32E21A2E4B800EF833C /* onboarding_b_major_brands.png */; };
		7941F33721A2E4BA00EF833C /* onboading_aa_main.png in Resources */ = {isa = PBXBuildFile; fileRef = 7941F32F21A2E4B900EF833C /* onboading_aa_main.png */; };
		7941F33821A2E4BA00EF833C /* onboarding_c_cashback_qr.png in Resources */ = {isa = PBXBuildFile; fileRef = 7941F33021A2E4B900EF833C /* onboarding_c_cashback_qr.png */; };
		7941F33A21A2E63400EF833C /* TMAppOverViewVC.swift in Sources */ = {isa = PBXBuildFile; fileRef = 7941F33921A2E63400EF833C /* TMAppOverViewVC.swift */; };
		794F66E220FDAF2800901B0C /* TMSplashViewController.swift in Sources */ = {isa = PBXBuildFile; fileRef = 794F66E120FDAF2800901B0C /* TMSplashViewController.swift */; };
		7953B789216B1B3900832AA7 /* TMCalculatorCell.swift in Sources */ = {isa = PBXBuildFile; fileRef = 7953B788216B1B3900832AA7 /* TMCalculatorCell.swift */; };
		7953B78B216B1B5900832AA7 /* TMCalculatorHeaderCell.swift in Sources */ = {isa = PBXBuildFile; fileRef = 7953B78A216B1B5900832AA7 /* TMCalculatorHeaderCell.swift */; };
		7975433B211D99880090198E /* AlertManager.swift in Sources */ = {isa = PBXBuildFile; fileRef = 7975433A211D99880090198E /* AlertManager.swift */; };
		797EDA042126E45D002E1438 /* TMStorePaymentVC.swift in Sources */ = {isa = PBXBuildFile; fileRef = 797EDA032126E45D002E1438 /* TMStorePaymentVC.swift */; };
		7981BE972167204400C27384 /* VideoCategoryModel.swift in Sources */ = {isa = PBXBuildFile; fileRef = 7981BE962167204400C27384 /* VideoCategoryModel.swift */; };
		7981BE9921672AB800C27384 /* VideoSubCategoryModel.swift in Sources */ = {isa = PBXBuildFile; fileRef = 7981BE9821672AB800C27384 /* VideoSubCategoryModel.swift */; };
		7981BE9B21672FBD00C27384 /* TMVideoDetailsVC.swift in Sources */ = {isa = PBXBuildFile; fileRef = 7981BE9A21672FBD00C27384 /* TMVideoDetailsVC.swift */; };
		7981BE9D21676D1000C27384 /* TMAlertsVC.swift in Sources */ = {isa = PBXBuildFile; fileRef = 7981BE9C21676D1000C27384 /* TMAlertsVC.swift */; };
		7981BE9F21676D3700C27384 /* TMAlertsDetailVC.swift in Sources */ = {isa = PBXBuildFile; fileRef = 7981BE9E21676D3700C27384 /* TMAlertsDetailVC.swift */; };
		7981BEA121676D4F00C27384 /* TMAlertCell.swift in Sources */ = {isa = PBXBuildFile; fileRef = 7981BEA021676D4F00C27384 /* TMAlertCell.swift */; };
		7981BEA42167709F00C27384 /* AlertNotificationsModel.swift in Sources */ = {isa = PBXBuildFile; fileRef = 7981BEA32167709F00C27384 /* AlertNotificationsModel.swift */; };
		7981BEA621678AE500C27384 /* TMCalculatorVC.swift in Sources */ = {isa = PBXBuildFile; fileRef = 7981BEA521678AE500C27384 /* TMCalculatorVC.swift */; };
		798FA56E218DA06C0054A9B1 /* TMHistoryTransDetailCell.swift in Sources */ = {isa = PBXBuildFile; fileRef = 798FA56D218DA06C0054A9B1 /* TMHistoryTransDetailCell.swift */; };
		798FA570218DA0C40054A9B1 /* TMHistoryTransDetail.swift in Sources */ = {isa = PBXBuildFile; fileRef = 798FA56F218DA0C40054A9B1 /* TMHistoryTransDetail.swift */; };
		798FA578218DC0D40054A9B1 /* MerchantTnsxHistoryModel.swift in Sources */ = {isa = PBXBuildFile; fileRef = 798FA577218DC0D40054A9B1 /* MerchantTnsxHistoryModel.swift */; };
		79968BB0218183AE00162928 /* GetMerchantStoresModel.swift in Sources */ = {isa = PBXBuildFile; fileRef = 79968BAF218183AE00162928 /* GetMerchantStoresModel.swift */; };
		79968BB22181C4C300162928 /* TMStaffLoginVC.swift in Sources */ = {isa = PBXBuildFile; fileRef = 79968BB12181C4C300162928 /* TMStaffLoginVC.swift */; };
		79968BB42181EDF800162928 /* PostCheckPasswordModel.swift in Sources */ = {isa = PBXBuildFile; fileRef = 79968BB32181EDF800162928 /* PostCheckPasswordModel.swift */; };
		7997DF47213535C600D22E92 /* TMSplitPaymentMasterVC.swift in Sources */ = {isa = PBXBuildFile; fileRef = 7997DF46213535C600D22E92 /* TMSplitPaymentMasterVC.swift */; };
		7997DF49213535ED00D22E92 /* TMSplitPaymentDetailVC.swift in Sources */ = {isa = PBXBuildFile; fileRef = 7997DF48213535ED00D22E92 /* TMSplitPaymentDetailVC.swift */; };
		7998D1BF217EE1E9008710F9 /* TMMatrixCalculatorVC.swift in Sources */ = {isa = PBXBuildFile; fileRef = 7998D1BE217EE1E9008710F9 /* TMMatrixCalculatorVC.swift */; };
		7998D1C1217EE217008710F9 /* TMMatrixHeaderCell.swift in Sources */ = {isa = PBXBuildFile; fileRef = 7998D1C0217EE217008710F9 /* TMMatrixHeaderCell.swift */; };
		7998D1C3217EE22C008710F9 /* TMMatrixFooterCell.swift in Sources */ = {isa = PBXBuildFile; fileRef = 7998D1C2217EE22C008710F9 /* TMMatrixFooterCell.swift */; };
		7998D1C6217EEE5F008710F9 /* GetUserMatrixModel.swift in Sources */ = {isa = PBXBuildFile; fileRef = 7998D1C5217EEE5F008710F9 /* GetUserMatrixModel.swift */; };
		7998D1C8217EF0F8008710F9 /* TMMatrixCell.swift in Sources */ = {isa = PBXBuildFile; fileRef = 7998D1C7217EF0F8008710F9 /* TMMatrixCell.swift */; };
		7998D1CD217F4A54008710F9 /* GetStaffMemberModel.swift in Sources */ = {isa = PBXBuildFile; fileRef = 7998D1CC217F4A54008710F9 /* GetStaffMemberModel.swift */; };
		7998D1CF217F4B23008710F9 /* TMMyStaffAccountMasterVC.swift in Sources */ = {isa = PBXBuildFile; fileRef = 7998D1CE217F4B23008710F9 /* TMMyStaffAccountMasterVC.swift */; };
		7998D1D1217F52DB008710F9 /* TMMyStaffAccountDetailsVC.swift in Sources */ = {isa = PBXBuildFile; fileRef = 7998D1D0217F52DB008710F9 /* TMMyStaffAccountDetailsVC.swift */; };
		799924C920FF0CC30074BDE6 /* Launch Screen.storyboard in Resources */ = {isa = PBXBuildFile; fileRef = 799924C820FF0CC30074BDE6 /* Launch Screen.storyboard */; };
		799924CD20FF1B270074BDE6 /* TMHomeViewController.swift in Sources */ = {isa = PBXBuildFile; fileRef = 799924CC20FF1B270074BDE6 /* TMHomeViewController.swift */; };
		799924CF20FF1B480074BDE6 /* TMHomeTableViewCell.swift in Sources */ = {isa = PBXBuildFile; fileRef = 799924CE20FF1B480074BDE6 /* TMHomeTableViewCell.swift */; };
		799E2F62218AC312007D04A3 /* TMPremiumCardCell.swift in Sources */ = {isa = PBXBuildFile; fileRef = 799E2F61218AC312007D04A3 /* TMPremiumCardCell.swift */; };
		799F3CEC218889D900051677 /* TMPaySuccessPopUpVC.swift in Sources */ = {isa = PBXBuildFile; fileRef = 799F3CEB218889D900051677 /* TMPaySuccessPopUpVC.swift */; };
		799F3CEE21888E8C00051677 /* TMPaymentSuccessCell.swift in Sources */ = {isa = PBXBuildFile; fileRef = 799F3CED21888E8C00051677 /* TMPaymentSuccessCell.swift */; };
		79A71F07219BF5EC009D9886 /* CustomLabel.swift in Sources */ = {isa = PBXBuildFile; fileRef = 79A71F06219BF5EC009D9886 /* CustomLabel.swift */; };
		79BDBCCB218030CA00D0DFC4 /* TMStaffMasterCell.swift in Sources */ = {isa = PBXBuildFile; fileRef = 79BDBCCA218030CA00D0DFC4 /* TMStaffMasterCell.swift */; };
		79CDF0242108778300CA7A9C /* LoaderWithLabel.swift in Sources */ = {isa = PBXBuildFile; fileRef = 79CDF0232108778300CA7A9C /* LoaderWithLabel.swift */; };
		79CDF02C2108A13E00CA7A9C /* RequestModal.swift in Sources */ = {isa = PBXBuildFile; fileRef = 79CDF02B2108A13E00CA7A9C /* RequestModal.swift */; };
		79D94AC321103B9000D3FCD6 /* TMMoreViewController.swift in Sources */ = {isa = PBXBuildFile; fileRef = 79D94AC221103B9000D3FCD6 /* TMMoreViewController.swift */; };
		79E5D91C21490075008CD66E /* TMTermOfUseVC.swift in Sources */ = {isa = PBXBuildFile; fileRef = 79E5D91B21490075008CD66E /* TMTermOfUseVC.swift */; };
		79E5D91E21491CD4008CD66E /* TMStoreImagesCell.swift in Sources */ = {isa = PBXBuildFile; fileRef = 79E5D91D21491CD4008CD66E /* TMStoreImagesCell.swift */; };
		79E5D920214922E6008CD66E /* StoreDetailsModel.swift in Sources */ = {isa = PBXBuildFile; fileRef = 79E5D91F214922E6008CD66E /* StoreDetailsModel.swift */; };
		79E690DA212E998400550A98 /* TMPinViewController.swift in Sources */ = {isa = PBXBuildFile; fileRef = 79E690D9212E998400550A98 /* TMPinViewController.swift */; };
		79E8C492213E489C008E152A /* TMMoreTableCell.swift in Sources */ = {isa = PBXBuildFile; fileRef = 79E8C491213E489C008E152A /* TMMoreTableCell.swift */; };
		79E8C494213E6AEC008E152A /* TMMyBusinessVC.swift in Sources */ = {isa = PBXBuildFile; fileRef = 79E8C493213E6AEC008E152A /* TMMyBusinessVC.swift */; };
		79E8C496213E6DFE008E152A /* TMMyBusinessCVCell.swift in Sources */ = {isa = PBXBuildFile; fileRef = 79E8C495213E6DFE008E152A /* TMMyBusinessCVCell.swift */; };
		79E8C498213EAD18008E152A /* TMEditBusinessDetailVC.swift in Sources */ = {isa = PBXBuildFile; fileRef = 79E8C497213EAD18008E152A /* TMEditBusinessDetailVC.swift */; };
		79EE756621196B060041D5C4 /* TMHistoryDetailVC.swift in Sources */ = {isa = PBXBuildFile; fileRef = 79EE756521196B060041D5C4 /* TMHistoryDetailVC.swift */; };
		79EE756821196B230041D5C4 /* TMHistoryDetailTableCell.swift in Sources */ = {isa = PBXBuildFile; fileRef = 79EE756721196B230041D5C4 /* TMHistoryDetailTableCell.swift */; };
		79EE756A2119CACF0041D5C4 /* TransactionDetailsModal.swift in Sources */ = {isa = PBXBuildFile; fileRef = 79EE75692119CACF0041D5C4 /* TransactionDetailsModal.swift */; };
		79EF44452125865C000C284B /* PostCreatePOSModal.swift in Sources */ = {isa = PBXBuildFile; fileRef = 79EF44442125865C000C284B /* PostCreatePOSModal.swift */; };
		79F05451215375FC005B9CAC /* StatesModel.swift in Sources */ = {isa = PBXBuildFile; fileRef = 79F05450215375FC005B9CAC /* StatesModel.swift */; };
		79F0545321537627005B9CAC /* CountriesModel.swift in Sources */ = {isa = PBXBuildFile; fileRef = 79F0545221537627005B9CAC /* CountriesModel.swift */; };
		79F4EFBC2150D6CC0033AD51 /* TMContactDetailsCell.swift in Sources */ = {isa = PBXBuildFile; fileRef = 79F4EFBB2150D6CC0033AD51 /* TMContactDetailsCell.swift */; };
		79F4EFBE2150D6F30033AD51 /* TMContactRadioCell.swift in Sources */ = {isa = PBXBuildFile; fileRef = 79F4EFBD2150D6F30033AD51 /* TMContactRadioCell.swift */; };
		79FA3BE3211B1C16005F36F3 /* OutstandingLoyaltyModal.swift in Sources */ = {isa = PBXBuildFile; fileRef = 79FA3BE2211B1C16005F36F3 /* OutstandingLoyaltyModal.swift */; };
		79FCACD02154C69B003BC2C8 /* TMContactUsVC.swift in Sources */ = {isa = PBXBuildFile; fileRef = 79FCACCF2154C69B003BC2C8 /* TMContactUsVC.swift */; };
		79FCACD22154D9BD003BC2C8 /* UserDetailsModel.swift in Sources */ = {isa = PBXBuildFile; fileRef = 79FCACD12154D9BD003BC2C8 /* UserDetailsModel.swift */; };
		79FCACD521550218003BC2C8 /* TMRateUsVC.swift in Sources */ = {isa = PBXBuildFile; fileRef = 79FCACD421550218003BC2C8 /* TMRateUsVC.swift */; };
		79FCACD8215515C4003BC2C8 /* TMAboutUsVC.swift in Sources */ = {isa = PBXBuildFile; fileRef = 79FCACD7215515C4003BC2C8 /* TMAboutUsVC.swift */; };
		79FCACDA215521BF003BC2C8 /* TMAboutUsSubLisVC.swift in Sources */ = {isa = PBXBuildFile; fileRef = 79FCACD9215521BF003BC2C8 /* TMAboutUsSubLisVC.swift */; };
		79FD4D1B212D3A0C003AC29F /* TMCardTVCell.swift in Sources */ = {isa = PBXBuildFile; fileRef = 79FD4D1A212D3A0C003AC29F /* TMCardTVCell.swift */; };
/* End PBXBuildFile section */

/* Begin PBXFileReference section */
		044C829249AADEDFD33D6C53 /* Pods_TCBA_MERCHANTS.framework */ = {isa = PBXFileReference; explicitFileType = wrapper.framework; includeInIndex = 0; path = Pods_TCBA_MERCHANTS.framework; sourceTree = BUILT_PRODUCTS_DIR; };
		69491408B57AC0804355ECBD /* Pods-TCBA MERCHANTS.debug.xcconfig */ = {isa = PBXFileReference; includeInIndex = 1; lastKnownFileType = text.xcconfig; name = "Pods-TCBA MERCHANTS.debug.xcconfig"; path = "Pods/Target Support Files/Pods-TCBA MERCHANTS/Pods-TCBA MERCHANTS.debug.xcconfig"; sourceTree = "<group>"; };
		7900FB44214670EF00BC3D36 /* TMDatePickerVC.swift */ = {isa = PBXFileReference; lastKnownFileType = sourcecode.swift; path = TMDatePickerVC.swift; sourceTree = "<group>"; };
		7901887D213FE8A100C9110B /* CKEditor */ = {isa = PBXFileReference; lastKnownFileType = folder; path = CKEditor; sourceTree = "<group>"; };
		7903C4EE2162221A0065B51C /* GetAboutUsSectionModel.swift */ = {isa = PBXFileReference; lastKnownFileType = sourcecode.swift; path = GetAboutUsSectionModel.swift; sourceTree = "<group>"; };
		7903C4F021622A630065B51C /* TMAboutUsSubLisDetailVC.swift */ = {isa = PBXFileReference; lastKnownFileType = sourcecode.swift; path = TMAboutUsSubLisDetailVC.swift; sourceTree = "<group>"; };
		7905A0F3212BE9770079712A /* DynamicColView.swift */ = {isa = PBXFileReference; lastKnownFileType = sourcecode.swift; path = DynamicColView.swift; sourceTree = "<group>"; };
		7905A0F5212C22EE0079712A /* TMStorePaymentTVCell.swift */ = {isa = PBXFileReference; lastKnownFileType = sourcecode.swift; path = TMStorePaymentTVCell.swift; sourceTree = "<group>"; };
		7908E4982122E1EA00E908EC /* MemberTrasactionModal.swift */ = {isa = PBXFileReference; lastKnownFileType = sourcecode.swift; path = MemberTrasactionModal.swift; sourceTree = "<group>"; };
		7908E49A2122F6A500E908EC /* TMMemberTransactionVC.swift */ = {isa = PBXFileReference; lastKnownFileType = sourcecode.swift; path = TMMemberTransactionVC.swift; sourceTree = "<group>"; };
		790D392221083B720073AE4C /* GAPIConstant.swift */ = {isa = PBXFileReference; fileEncoding = 4; lastKnownFileType = sourcecode.swift; path = GAPIConstant.swift; sourceTree = "<group>"; };
		790D39242108477E0073AE4C /* ApiManager.swift */ = {isa = PBXFileReference; lastKnownFileType = sourcecode.swift; path = ApiManager.swift; sourceTree = "<group>"; };
		790D392621084A3B0073AE4C /* Connectivity.swift */ = {isa = PBXFileReference; fileEncoding = 4; lastKnownFileType = sourcecode.swift; path = Connectivity.swift; sourceTree = "<group>"; };
		790D392821084B4A0073AE4C /* GFunction.swift */ = {isa = PBXFileReference; fileEncoding = 4; lastKnownFileType = sourcecode.swift; path = GFunction.swift; sourceTree = "<group>"; };
		790D392A21084BF90073AE4C /* Events.swift */ = {isa = PBXFileReference; fileEncoding = 4; lastKnownFileType = sourcecode.swift; path = Events.swift; sourceTree = "<group>"; };
		790D392E210865100073AE4C /* LoaderAnim.gif */ = {isa = PBXFileReference; lastKnownFileType = image.gif; path = LoaderAnim.gif; sourceTree = "<group>"; };
		790E31FD212FC78500224EDB /* TMPopUPVC.swift */ = {isa = PBXFileReference; lastKnownFileType = sourcecode.swift; path = TMPopUPVC.swift; sourceTree = "<group>"; };
		790F0B8F20F71ACB00082B79 /* BlocSSiBold.ttf */ = {isa = PBXFileReference; lastKnownFileType = file; path = BlocSSiBold.ttf; sourceTree = "<group>"; };
		791231312140FDA900E475CF /* TMTradingHoursVC.swift */ = {isa = PBXFileReference; lastKnownFileType = sourcecode.swift; path = TMTradingHoursVC.swift; sourceTree = "<group>"; };
		791231332141000700E475CF /* TMContactDetailVC.swift */ = {isa = PBXFileReference; lastKnownFileType = sourcecode.swift; path = TMContactDetailVC.swift; sourceTree = "<group>"; };
		791231352141024B00E475CF /* TMBankDetailsVC.swift */ = {isa = PBXFileReference; lastKnownFileType = sourcecode.swift; path = TMBankDetailsVC.swift; sourceTree = "<group>"; };
		79123137214102AA00E475CF /* TMStoreImagesVC.swift */ = {isa = PBXFileReference; lastKnownFileType = sourcecode.swift; path = TMStoreImagesVC.swift; sourceTree = "<group>"; };
		791231392141030D00E475CF /* TMMainImageVC.swift */ = {isa = PBXFileReference; lastKnownFileType = sourcecode.swift; path = TMMainImageVC.swift; sourceTree = "<group>"; };
		7912313C2141136500E475CF /* TMTradingCell.swift */ = {isa = PBXFileReference; lastKnownFileType = sourcecode.swift; path = TMTradingCell.swift; sourceTree = "<group>"; };
		7912313F21412E8600E475CF /* TradingHourModel.swift */ = {isa = PBXFileReference; lastKnownFileType = sourcecode.swift; path = TradingHourModel.swift; sourceTree = "<group>"; };
		791231432141534D00E475CF /* TMTradingSplitCell.swift */ = {isa = PBXFileReference; lastKnownFileType = sourcecode.swift; path = TMTradingSplitCell.swift; sourceTree = "<group>"; };
		7913DC3E2109A525000D1A9C /* Time.swift */ = {isa = PBXFileReference; lastKnownFileType = sourcecode.swift; path = Time.swift; sourceTree = "<group>"; };
		7913DC402109B6A1000D1A9C /* UserLoginModel.swift */ = {isa = PBXFileReference; lastKnownFileType = sourcecode.swift; path = UserLoginModel.swift; sourceTree = "<group>"; };
		7915B41E21662A640000CCC4 /* TMVideoVC.swift */ = {isa = PBXFileReference; lastKnownFileType = sourcecode.swift; path = TMVideoVC.swift; sourceTree = "<group>"; };
		7915B420216633B20000CCC4 /* TMVideoSubLisVC.swift */ = {isa = PBXFileReference; lastKnownFileType = sourcecode.swift; path = TMVideoSubLisVC.swift; sourceTree = "<group>"; };
		7915B422216635B80000CCC4 /* TMVideoCell.swift */ = {isa = PBXFileReference; lastKnownFileType = sourcecode.swift; path = TMVideoCell.swift; sourceTree = "<group>"; };
		791B4288212AA1070064AF34 /* TMStorePaymentCVCell.swift */ = {isa = PBXFileReference; lastKnownFileType = sourcecode.swift; path = TMStorePaymentCVCell.swift; sourceTree = "<group>"; };
		791B428A212ABCBA0064AF34 /* CircleView.swift */ = {isa = PBXFileReference; lastKnownFileType = sourcecode.swift; path = CircleView.swift; sourceTree = "<group>"; };
		792534D8211C629E0028C45D /* RoundedImage.swift */ = {isa = PBXFileReference; lastKnownFileType = sourcecode.swift; path = RoundedImage.swift; sourceTree = "<group>"; };
		792534DA211C773D0028C45D /* Alamofire.framework */ = {isa = PBXFileReference; explicitFileType = wrapper.framework; path = Alamofire.framework; sourceTree = BUILT_PRODUCTS_DIR; };
		792534DC211C77830028C45D /* ESTabBarController_swift.framework */ = {isa = PBXFileReference; explicitFileType = wrapper.framework; path = ESTabBarController_swift.framework; sourceTree = BUILT_PRODUCTS_DIR; };
		792534DE211C77870028C45D /* IQKeyboardManagerSwift.framework */ = {isa = PBXFileReference; explicitFileType = wrapper.framework; path = IQKeyboardManagerSwift.framework; sourceTree = BUILT_PRODUCTS_DIR; };
		792534E0211C778B0028C45D /* EmptyDataSet_Swift.framework */ = {isa = PBXFileReference; explicitFileType = wrapper.framework; path = EmptyDataSet_Swift.framework; sourceTree = BUILT_PRODUCTS_DIR; };
		792534E2211C778E0028C45D /* SDWebImage.framework */ = {isa = PBXFileReference; explicitFileType = wrapper.framework; path = SDWebImage.framework; sourceTree = BUILT_PRODUCTS_DIR; };
		792534E8211C77990028C45D /* SwiftGifOrigin.framework */ = {isa = PBXFileReference; explicitFileType = wrapper.framework; path = SwiftGifOrigin.framework; sourceTree = BUILT_PRODUCTS_DIR; };
		792534EA211C779C0028C45D /* SwiftyJSON.framework */ = {isa = PBXFileReference; explicitFileType = wrapper.framework; path = SwiftyJSON.framework; sourceTree = BUILT_PRODUCTS_DIR; };
		792B541520F5DD30000223F7 /* TCBA MERCHANTS.app */ = {isa = PBXFileReference; explicitFileType = wrapper.application; includeInIndex = 0; path = "TCBA MERCHANTS.app"; sourceTree = BUILT_PRODUCTS_DIR; };
		792B541820F5DD30000223F7 /* AppDelegate.swift */ = {isa = PBXFileReference; lastKnownFileType = sourcecode.swift; path = AppDelegate.swift; sourceTree = "<group>"; };
		792B541D20F5DD30000223F7 /* Base */ = {isa = PBXFileReference; lastKnownFileType = file.storyboard; name = Base; path = Base.lproj/Main.storyboard; sourceTree = "<group>"; };
		792B541F20F5DD32000223F7 /* Assets.xcassets */ = {isa = PBXFileReference; lastKnownFileType = folder.assetcatalog; path = Assets.xcassets; sourceTree = "<group>"; };
		792B542420F5DD32000223F7 /* Info.plist */ = {isa = PBXFileReference; lastKnownFileType = text.plist.xml; path = Info.plist; sourceTree = "<group>"; };
		792B542D20F5E2B6000223F7 /* TMLoginViewController.swift */ = {isa = PBXFileReference; lastKnownFileType = sourcecode.swift; path = TMLoginViewController.swift; sourceTree = "<group>"; };
		792B543920F5EFB4000223F7 /* GConstants.swift */ = {isa = PBXFileReference; lastKnownFileType = sourcecode.swift; path = GConstants.swift; sourceTree = "<group>"; };
		792B543B20F5F0DA000223F7 /* GExtentions.swift */ = {isa = PBXFileReference; lastKnownFileType = sourcecode.swift; path = GExtentions.swift; sourceTree = "<group>"; };
		792B544220F5F485000223F7 /* DPPickerManager.swift */ = {isa = PBXFileReference; fileEncoding = 4; lastKnownFileType = sourcecode.swift; path = DPPickerManager.swift; sourceTree = "<group>"; };
		792B544420F5F485000223F7 /* StringHelper.swift */ = {isa = PBXFileReference; fileEncoding = 4; lastKnownFileType = sourcecode.swift; path = StringHelper.swift; sourceTree = "<group>"; };
		792B545620F63663000223F7 /* OpenSans-Regular.ttf */ = {isa = PBXFileReference; lastKnownFileType = file; path = "OpenSans-Regular.ttf"; sourceTree = "<group>"; };
		792B545720F63663000223F7 /* OpenSans-Bold.ttf */ = {isa = PBXFileReference; lastKnownFileType = file; path = "OpenSans-Bold.ttf"; sourceTree = "<group>"; };
		792B545820F63663000223F7 /* OpenSans-Semibold.ttf */ = {isa = PBXFileReference; lastKnownFileType = file; path = "OpenSans-Semibold.ttf"; sourceTree = "<group>"; };
		792F28C2212192C20033E7A2 /* GradientView.swift */ = {isa = PBXFileReference; lastKnownFileType = sourcecode.swift; path = GradientView.swift; sourceTree = "<group>"; };
		792F28C42121B1040033E7A2 /* TMQRScannerVC.swift */ = {isa = PBXFileReference; lastKnownFileType = sourcecode.swift; path = TMQRScannerVC.swift; sourceTree = "<group>"; };
		7933FCA521118E5F00E9B49B /* TMHistoryTableViewCell.swift */ = {isa = PBXFileReference; lastKnownFileType = sourcecode.swift; path = TMHistoryTableViewCell.swift; sourceTree = "<group>"; };
		7933FCA92111B3FD00E9B49B /* TransactionDataModal.swift */ = {isa = PBXFileReference; lastKnownFileType = sourcecode.swift; path = TransactionDataModal.swift; sourceTree = "<group>"; };
		7933FCAB2111BA7E00E9B49B /* IncompleteTransactionData.swift */ = {isa = PBXFileReference; lastKnownFileType = sourcecode.swift; path = IncompleteTransactionData.swift; sourceTree = "<group>"; };
		793578A921423A0E00BA6D7B /* TMTradingJoinCell.swift */ = {isa = PBXFileReference; lastKnownFileType = sourcecode.swift; path = TMTradingJoinCell.swift; sourceTree = "<group>"; };
		79380A392105B17100FB4776 /* TMTabbarViewController.swift */ = {isa = PBXFileReference; lastKnownFileType = sourcecode.swift; path = TMTabbarViewController.swift; sourceTree = "<group>"; };
		79380A402105BBDB00FB4776 /* TMShareViewController.swift */ = {isa = PBXFileReference; lastKnownFileType = sourcecode.swift; path = TMShareViewController.swift; sourceTree = "<group>"; };
		79380A422105BFD800FB4776 /* TMTransactionViewController.swift */ = {isa = PBXFileReference; lastKnownFileType = sourcecode.swift; path = TMTransactionViewController.swift; sourceTree = "<group>"; };
		79380A442105BFF200FB4776 /* TMHistoryViewController.swift */ = {isa = PBXFileReference; lastKnownFileType = sourcecode.swift; path = TMHistoryViewController.swift; sourceTree = "<group>"; };
		7941F32921A2E4B600EF833C /* onboarding_f_score.png */ = {isa = PBXFileReference; lastKnownFileType = image.png; path = onboarding_f_score.png; sourceTree = "<group>"; };
		7941F32A21A2E4B600EF833C /* onboarding_a_around.jpg */ = {isa = PBXFileReference; lastKnownFileType = image.jpeg; path = onboarding_a_around.jpg; sourceTree = "<group>"; };
		7941F32B21A2E4B600EF833C /* onboarding_e_share.png */ = {isa = PBXFileReference; lastKnownFileType = image.png; path = onboarding_e_share.png; sourceTree = "<group>"; };
		7941F32C21A2E4B700EF833C /* onboarding_g_started.png */ = {isa = PBXFileReference; lastKnownFileType = image.png; path = onboarding_g_started.png; sourceTree = "<group>"; };
		7941F32D21A2E4B800EF833C /* onboarding_d_gift_cards_in_store.png */ = {isa = PBXFileReference; lastKnownFileType = image.png; path = onboarding_d_gift_cards_in_store.png; sourceTree = "<group>"; };
		7941F32E21A2E4B800EF833C /* onboarding_b_major_brands.png */ = {isa = PBXFileReference; lastKnownFileType = image.png; path = onboarding_b_major_brands.png; sourceTree = "<group>"; };
		7941F32F21A2E4B900EF833C /* onboading_aa_main.png */ = {isa = PBXFileReference; lastKnownFileType = image.png; path = onboading_aa_main.png; sourceTree = "<group>"; };
		7941F33021A2E4B900EF833C /* onboarding_c_cashback_qr.png */ = {isa = PBXFileReference; lastKnownFileType = image.png; path = onboarding_c_cashback_qr.png; sourceTree = "<group>"; };
		7941F33921A2E63400EF833C /* TMAppOverViewVC.swift */ = {isa = PBXFileReference; lastKnownFileType = sourcecode.swift; path = TMAppOverViewVC.swift; sourceTree = "<group>"; };
		794F66E120FDAF2800901B0C /* TMSplashViewController.swift */ = {isa = PBXFileReference; lastKnownFileType = sourcecode.swift; path = TMSplashViewController.swift; sourceTree = "<group>"; };
		7953B788216B1B3900832AA7 /* TMCalculatorCell.swift */ = {isa = PBXFileReference; lastKnownFileType = sourcecode.swift; path = TMCalculatorCell.swift; sourceTree = "<group>"; };
		7953B78A216B1B5900832AA7 /* TMCalculatorHeaderCell.swift */ = {isa = PBXFileReference; lastKnownFileType = sourcecode.swift; path = TMCalculatorHeaderCell.swift; sourceTree = "<group>"; };
		7975433A211D99880090198E /* AlertManager.swift */ = {isa = PBXFileReference; lastKnownFileType = sourcecode.swift; path = AlertManager.swift; sourceTree = "<group>"; };
		797EDA032126E45D002E1438 /* TMStorePaymentVC.swift */ = {isa = PBXFileReference; lastKnownFileType = sourcecode.swift; path = TMStorePaymentVC.swift; sourceTree = "<group>"; };
		7981BE962167204400C27384 /* VideoCategoryModel.swift */ = {isa = PBXFileReference; lastKnownFileType = sourcecode.swift; path = VideoCategoryModel.swift; sourceTree = "<group>"; };
		7981BE9821672AB800C27384 /* VideoSubCategoryModel.swift */ = {isa = PBXFileReference; lastKnownFileType = sourcecode.swift; path = VideoSubCategoryModel.swift; sourceTree = "<group>"; };
		7981BE9A21672FBD00C27384 /* TMVideoDetailsVC.swift */ = {isa = PBXFileReference; lastKnownFileType = sourcecode.swift; path = TMVideoDetailsVC.swift; sourceTree = "<group>"; };
		7981BE9C21676D1000C27384 /* TMAlertsVC.swift */ = {isa = PBXFileReference; lastKnownFileType = sourcecode.swift; path = TMAlertsVC.swift; sourceTree = "<group>"; };
		7981BE9E21676D3700C27384 /* TMAlertsDetailVC.swift */ = {isa = PBXFileReference; lastKnownFileType = sourcecode.swift; path = TMAlertsDetailVC.swift; sourceTree = "<group>"; };
		7981BEA021676D4F00C27384 /* TMAlertCell.swift */ = {isa = PBXFileReference; lastKnownFileType = sourcecode.swift; path = TMAlertCell.swift; sourceTree = "<group>"; };
		7981BEA32167709F00C27384 /* AlertNotificationsModel.swift */ = {isa = PBXFileReference; lastKnownFileType = sourcecode.swift; path = AlertNotificationsModel.swift; sourceTree = "<group>"; };
		7981BEA521678AE500C27384 /* TMCalculatorVC.swift */ = {isa = PBXFileReference; lastKnownFileType = sourcecode.swift; path = TMCalculatorVC.swift; sourceTree = "<group>"; };
		798FA56D218DA06C0054A9B1 /* TMHistoryTransDetailCell.swift */ = {isa = PBXFileReference; lastKnownFileType = sourcecode.swift; path = TMHistoryTransDetailCell.swift; sourceTree = "<group>"; };
		798FA56F218DA0C40054A9B1 /* TMHistoryTransDetail.swift */ = {isa = PBXFileReference; lastKnownFileType = sourcecode.swift; path = TMHistoryTransDetail.swift; sourceTree = "<group>"; };
		798FA577218DC0D40054A9B1 /* MerchantTnsxHistoryModel.swift */ = {isa = PBXFileReference; fileEncoding = 4; lastKnownFileType = sourcecode.swift; path = MerchantTnsxHistoryModel.swift; sourceTree = "<group>"; };
		79968BAF218183AE00162928 /* GetMerchantStoresModel.swift */ = {isa = PBXFileReference; lastKnownFileType = sourcecode.swift; path = GetMerchantStoresModel.swift; sourceTree = "<group>"; };
		79968BB12181C4C300162928 /* TMStaffLoginVC.swift */ = {isa = PBXFileReference; lastKnownFileType = sourcecode.swift; path = TMStaffLoginVC.swift; sourceTree = "<group>"; };
		79968BB32181EDF800162928 /* PostCheckPasswordModel.swift */ = {isa = PBXFileReference; lastKnownFileType = sourcecode.swift; path = PostCheckPasswordModel.swift; sourceTree = "<group>"; };
		7997DF46213535C600D22E92 /* TMSplitPaymentMasterVC.swift */ = {isa = PBXFileReference; lastKnownFileType = sourcecode.swift; path = TMSplitPaymentMasterVC.swift; sourceTree = "<group>"; };
		7997DF48213535ED00D22E92 /* TMSplitPaymentDetailVC.swift */ = {isa = PBXFileReference; lastKnownFileType = sourcecode.swift; path = TMSplitPaymentDetailVC.swift; sourceTree = "<group>"; };
		7998D1BE217EE1E9008710F9 /* TMMatrixCalculatorVC.swift */ = {isa = PBXFileReference; lastKnownFileType = sourcecode.swift; path = TMMatrixCalculatorVC.swift; sourceTree = "<group>"; };
		7998D1C0217EE217008710F9 /* TMMatrixHeaderCell.swift */ = {isa = PBXFileReference; lastKnownFileType = sourcecode.swift; path = TMMatrixHeaderCell.swift; sourceTree = "<group>"; };
		7998D1C2217EE22C008710F9 /* TMMatrixFooterCell.swift */ = {isa = PBXFileReference; lastKnownFileType = sourcecode.swift; path = TMMatrixFooterCell.swift; sourceTree = "<group>"; };
		7998D1C5217EEE5F008710F9 /* GetUserMatrixModel.swift */ = {isa = PBXFileReference; lastKnownFileType = sourcecode.swift; path = GetUserMatrixModel.swift; sourceTree = "<group>"; };
		7998D1C7217EF0F8008710F9 /* TMMatrixCell.swift */ = {isa = PBXFileReference; lastKnownFileType = sourcecode.swift; path = TMMatrixCell.swift; sourceTree = "<group>"; };
		7998D1CC217F4A54008710F9 /* GetStaffMemberModel.swift */ = {isa = PBXFileReference; lastKnownFileType = sourcecode.swift; path = GetStaffMemberModel.swift; sourceTree = "<group>"; };
		7998D1CE217F4B23008710F9 /* TMMyStaffAccountMasterVC.swift */ = {isa = PBXFileReference; lastKnownFileType = sourcecode.swift; path = TMMyStaffAccountMasterVC.swift; sourceTree = "<group>"; };
		7998D1D0217F52DB008710F9 /* TMMyStaffAccountDetailsVC.swift */ = {isa = PBXFileReference; lastKnownFileType = sourcecode.swift; path = TMMyStaffAccountDetailsVC.swift; sourceTree = "<group>"; };
		799924C820FF0CC30074BDE6 /* Launch Screen.storyboard */ = {isa = PBXFileReference; lastKnownFileType = file.storyboard; path = "Launch Screen.storyboard"; sourceTree = "<group>"; };
		799924CC20FF1B270074BDE6 /* TMHomeViewController.swift */ = {isa = PBXFileReference; lastKnownFileType = sourcecode.swift; path = TMHomeViewController.swift; sourceTree = "<group>"; };
		799924CE20FF1B480074BDE6 /* TMHomeTableViewCell.swift */ = {isa = PBXFileReference; lastKnownFileType = sourcecode.swift; path = TMHomeTableViewCell.swift; sourceTree = "<group>"; };
		799E2F61218AC312007D04A3 /* TMPremiumCardCell.swift */ = {isa = PBXFileReference; lastKnownFileType = sourcecode.swift; path = TMPremiumCardCell.swift; sourceTree = "<group>"; };
		799F3CEB218889D900051677 /* TMPaySuccessPopUpVC.swift */ = {isa = PBXFileReference; lastKnownFileType = sourcecode.swift; path = TMPaySuccessPopUpVC.swift; sourceTree = "<group>"; };
		799F3CED21888E8C00051677 /* TMPaymentSuccessCell.swift */ = {isa = PBXFileReference; lastKnownFileType = sourcecode.swift; path = TMPaymentSuccessCell.swift; sourceTree = "<group>"; };
		79A71F06219BF5EC009D9886 /* CustomLabel.swift */ = {isa = PBXFileReference; lastKnownFileType = sourcecode.swift; path = CustomLabel.swift; sourceTree = "<group>"; };
		79BDBCCA218030CA00D0DFC4 /* TMStaffMasterCell.swift */ = {isa = PBXFileReference; lastKnownFileType = sourcecode.swift; path = TMStaffMasterCell.swift; sourceTree = "<group>"; };
		79CDF0232108778300CA7A9C /* LoaderWithLabel.swift */ = {isa = PBXFileReference; lastKnownFileType = sourcecode.swift; path = LoaderWithLabel.swift; sourceTree = "<group>"; };
		79CDF02B2108A13E00CA7A9C /* RequestModal.swift */ = {isa = PBXFileReference; lastKnownFileType = sourcecode.swift; path = RequestModal.swift; sourceTree = "<group>"; };
		79D94AC221103B9000D3FCD6 /* TMMoreViewController.swift */ = {isa = PBXFileReference; lastKnownFileType = sourcecode.swift; path = TMMoreViewController.swift; sourceTree = "<group>"; };
		79E5D91B21490075008CD66E /* TMTermOfUseVC.swift */ = {isa = PBXFileReference; lastKnownFileType = sourcecode.swift; path = TMTermOfUseVC.swift; sourceTree = "<group>"; };
		79E5D91D21491CD4008CD66E /* TMStoreImagesCell.swift */ = {isa = PBXFileReference; lastKnownFileType = sourcecode.swift; path = TMStoreImagesCell.swift; sourceTree = "<group>"; };
		79E5D91F214922E6008CD66E /* StoreDetailsModel.swift */ = {isa = PBXFileReference; lastKnownFileType = sourcecode.swift; path = StoreDetailsModel.swift; sourceTree = "<group>"; };
		79E690D9212E998400550A98 /* TMPinViewController.swift */ = {isa = PBXFileReference; lastKnownFileType = sourcecode.swift; path = TMPinViewController.swift; sourceTree = "<group>"; };
		79E8C491213E489C008E152A /* TMMoreTableCell.swift */ = {isa = PBXFileReference; lastKnownFileType = sourcecode.swift; path = TMMoreTableCell.swift; sourceTree = "<group>"; };
		79E8C493213E6AEC008E152A /* TMMyBusinessVC.swift */ = {isa = PBXFileReference; lastKnownFileType = sourcecode.swift; path = TMMyBusinessVC.swift; sourceTree = "<group>"; };
		79E8C495213E6DFE008E152A /* TMMyBusinessCVCell.swift */ = {isa = PBXFileReference; lastKnownFileType = sourcecode.swift; path = TMMyBusinessCVCell.swift; sourceTree = "<group>"; };
		79E8C497213EAD18008E152A /* TMEditBusinessDetailVC.swift */ = {isa = PBXFileReference; lastKnownFileType = sourcecode.swift; path = TMEditBusinessDetailVC.swift; sourceTree = "<group>"; };
		79EE756521196B060041D5C4 /* TMHistoryDetailVC.swift */ = {isa = PBXFileReference; lastKnownFileType = sourcecode.swift; path = TMHistoryDetailVC.swift; sourceTree = "<group>"; };
		79EE756721196B230041D5C4 /* TMHistoryDetailTableCell.swift */ = {isa = PBXFileReference; lastKnownFileType = sourcecode.swift; path = TMHistoryDetailTableCell.swift; sourceTree = "<group>"; };
		79EE75692119CACF0041D5C4 /* TransactionDetailsModal.swift */ = {isa = PBXFileReference; lastKnownFileType = sourcecode.swift; path = TransactionDetailsModal.swift; sourceTree = "<group>"; };
		79EF44442125865C000C284B /* PostCreatePOSModal.swift */ = {isa = PBXFileReference; lastKnownFileType = sourcecode.swift; path = PostCreatePOSModal.swift; sourceTree = "<group>"; };
		79F05450215375FC005B9CAC /* StatesModel.swift */ = {isa = PBXFileReference; lastKnownFileType = sourcecode.swift; path = StatesModel.swift; sourceTree = "<group>"; };
		79F0545221537627005B9CAC /* CountriesModel.swift */ = {isa = PBXFileReference; lastKnownFileType = sourcecode.swift; path = CountriesModel.swift; sourceTree = "<group>"; };
		79F4EFBB2150D6CC0033AD51 /* TMContactDetailsCell.swift */ = {isa = PBXFileReference; lastKnownFileType = sourcecode.swift; path = TMContactDetailsCell.swift; sourceTree = "<group>"; };
		79F4EFBD2150D6F30033AD51 /* TMContactRadioCell.swift */ = {isa = PBXFileReference; lastKnownFileType = sourcecode.swift; path = TMContactRadioCell.swift; sourceTree = "<group>"; };
		79FA3BE2211B1C16005F36F3 /* OutstandingLoyaltyModal.swift */ = {isa = PBXFileReference; lastKnownFileType = sourcecode.swift; path = OutstandingLoyaltyModal.swift; sourceTree = "<group>"; };
		79FCACCF2154C69B003BC2C8 /* TMContactUsVC.swift */ = {isa = PBXFileReference; lastKnownFileType = sourcecode.swift; path = TMContactUsVC.swift; sourceTree = "<group>"; };
		79FCACD12154D9BD003BC2C8 /* UserDetailsModel.swift */ = {isa = PBXFileReference; lastKnownFileType = sourcecode.swift; path = UserDetailsModel.swift; sourceTree = "<group>"; };
		79FCACD421550218003BC2C8 /* TMRateUsVC.swift */ = {isa = PBXFileReference; lastKnownFileType = sourcecode.swift; path = TMRateUsVC.swift; sourceTree = "<group>"; };
		79FCACD7215515C4003BC2C8 /* TMAboutUsVC.swift */ = {isa = PBXFileReference; lastKnownFileType = sourcecode.swift; path = TMAboutUsVC.swift; sourceTree = "<group>"; };
		79FCACD9215521BF003BC2C8 /* TMAboutUsSubLisVC.swift */ = {isa = PBXFileReference; lastKnownFileType = sourcecode.swift; path = TMAboutUsSubLisVC.swift; sourceTree = "<group>"; };
		79FD4D1A212D3A0C003AC29F /* TMCardTVCell.swift */ = {isa = PBXFileReference; lastKnownFileType = sourcecode.swift; path = TMCardTVCell.swift; sourceTree = "<group>"; };
		F1D02BAEF8FD0D998288EEB8 /* Pods-TCBA MERCHANTS.release.xcconfig */ = {isa = PBXFileReference; includeInIndex = 1; lastKnownFileType = text.xcconfig; name = "Pods-TCBA MERCHANTS.release.xcconfig"; path = "Pods/Target Support Files/Pods-TCBA MERCHANTS/Pods-TCBA MERCHANTS.release.xcconfig"; sourceTree = "<group>"; };
/* End PBXFileReference section */

/* Begin PBXFrameworksBuildPhase section */
		792B541220F5DD30000223F7 /* Frameworks */ = {
			isa = PBXFrameworksBuildPhase;
			buildActionMask = 2147483647;
			files = (
				26C3D5D680E47A74FB79CFE1 /* Pods_TCBA_MERCHANTS.framework in Frameworks */,
			);
			runOnlyForDeploymentPostprocessing = 0;
		};
/* End PBXFrameworksBuildPhase section */

/* Begin PBXGroup section */
		2B948F526E238DE8348E55A4 /* Frameworks */ = {
			isa = PBXGroup;
			children = (
				792534EA211C779C0028C45D /* SwiftyJSON.framework */,
				792534E8211C77990028C45D /* SwiftGifOrigin.framework */,
				792534E2211C778E0028C45D /* SDWebImage.framework */,
				792534E0211C778B0028C45D /* EmptyDataSet_Swift.framework */,
				792534DE211C77870028C45D /* IQKeyboardManagerSwift.framework */,
				792534DC211C77830028C45D /* ESTabBarController_swift.framework */,
				792534DA211C773D0028C45D /* Alamofire.framework */,
				044C829249AADEDFD33D6C53 /* Pods_TCBA_MERCHANTS.framework */,
			);
			name = Frameworks;
			sourceTree = "<group>";
		};
		79018724213FB1A800C9110B /* ThirdParty */ = {
			isa = PBXGroup;
			children = (
				7901887D213FE8A100C9110B /* CKEditor */,
			);
			path = ThirdParty;
			sourceTree = "<group>";
		};
		7903C4ED216221F50065B51C /* AboutUs */ = {
			isa = PBXGroup;
			children = (
				7903C4EE2162221A0065B51C /* GetAboutUsSectionModel.swift */,
			);
			path = AboutUs;
			sourceTree = "<group>";
		};
		7908E4972122E1B700E908EC /* TransactionModels */ = {
			isa = PBXGroup;
			children = (
				7908E4982122E1EA00E908EC /* MemberTrasactionModal.swift */,
				79EF44442125865C000C284B /* PostCreatePOSModal.swift */,
			);
			path = TransactionModels;
			sourceTree = "<group>";
		};
		790D391F21083ACE0073AE4C /* ApiManager */ = {
			isa = PBXGroup;
			children = (
				790D39242108477E0073AE4C /* ApiManager.swift */,
				790D392221083B720073AE4C /* GAPIConstant.swift */,
				790D392621084A3B0073AE4C /* Connectivity.swift */,
			);
			path = ApiManager;
			sourceTree = "<group>";
		};
		790D392C210864C40073AE4C /* Resources */ = {
			isa = PBXGroup;
			children = (
				7941F32821A2E47500EF833C /* AppInfoImages */,
				790D392D210865100073AE4C /* Loader */,
			);
			path = Resources;
			sourceTree = "<group>";
		};
		790D392D210865100073AE4C /* Loader */ = {
			isa = PBXGroup;
			children = (
				790D392E210865100073AE4C /* LoaderAnim.gif */,
			);
			path = Loader;
			sourceTree = "<group>";
		};
		7912313B214103A400E475CF /* MyBusiness */ = {
			isa = PBXGroup;
			children = (
				79E8C493213E6AEC008E152A /* TMMyBusinessVC.swift */,
				79E8C495213E6DFE008E152A /* TMMyBusinessCVCell.swift */,
				79E8C497213EAD18008E152A /* TMEditBusinessDetailVC.swift */,
				791231312140FDA900E475CF /* TMTradingHoursVC.swift */,
				7900FB44214670EF00BC3D36 /* TMDatePickerVC.swift */,
				791231422141531A00E475CF /* TradingCells */,
				791231332141000700E475CF /* TMContactDetailVC.swift */,
				79F4EFBF215103AF0033AD51 /* ContactCells */,
				79123137214102AA00E475CF /* TMStoreImagesVC.swift */,
				79E5D91D21491CD4008CD66E /* TMStoreImagesCell.swift */,
				791231392141030D00E475CF /* TMMainImageVC.swift */,
				791231352141024B00E475CF /* TMBankDetailsVC.swift */,
				79E5D91B21490075008CD66E /* TMTermOfUseVC.swift */,
			);
			path = MyBusiness;
			sourceTree = "<group>";
		};
		7912313E21412E5C00E475CF /* MyBusiness */ = {
			isa = PBXGroup;
			children = (
				7912313F21412E8600E475CF /* TradingHourModel.swift */,
				79E5D91F214922E6008CD66E /* StoreDetailsModel.swift */,
				79F05450215375FC005B9CAC /* StatesModel.swift */,
				79F0545221537627005B9CAC /* CountriesModel.swift */,
			);
			path = MyBusiness;
			sourceTree = "<group>";
		};
		7912314121412F2600E475CF /* MoreTabModels */ = {
			isa = PBXGroup;
			children = (
				7998D1CB217F4A2E008710F9 /* StaffAccount */,
				7998D1C4217EEE1B008710F9 /* Calculator */,
				7981BEA22167708F00C27384 /* Alerts */,
				7981BE952167200D00C27384 /* VideoModel */,
				7903C4ED216221F50065B51C /* AboutUs */,
				7912313E21412E5C00E475CF /* MyBusiness */,
			);
			path = MoreTabModels;
			sourceTree = "<group>";
		};
		791231422141531A00E475CF /* TradingCells */ = {
			isa = PBXGroup;
			children = (
				7912313C2141136500E475CF /* TMTradingCell.swift */,
				791231432141534D00E475CF /* TMTradingSplitCell.swift */,
				793578A921423A0E00BA6D7B /* TMTradingJoinCell.swift */,
			);
			path = TradingCells;
			sourceTree = "<group>";
		};
		7913DC422109B9D9000D1A9C /* RequestModels */ = {
			isa = PBXGroup;
			children = (
				79CDF02B2108A13E00CA7A9C /* RequestModal.swift */,
			);
			path = RequestModels;
			sourceTree = "<group>";
		};
		7913DC432109B9EC000D1A9C /* ResponseModels */ = {
			isa = PBXGroup;
			children = (
				7912314121412F2600E475CF /* MoreTabModels */,
				7908E4972122E1B700E908EC /* TransactionModels */,
				7933FCA82111B1EC00E9B49B /* HistoryModels */,
				7933FCA72111B1D800E9B49B /* LoginModel */,
			);
			path = ResponseModels;
			sourceTree = "<group>";
		};
		7915B41A216627830000CCC4 /* Alerts */ = {
			isa = PBXGroup;
			children = (
				7981BE9C21676D1000C27384 /* TMAlertsVC.swift */,
				7981BEA021676D4F00C27384 /* TMAlertCell.swift */,
				7981BE9E21676D3700C27384 /* TMAlertsDetailVC.swift */,
			);
			path = Alerts;
			sourceTree = "<group>";
		};
		7915B41B216627990000CCC4 /* Videos */ = {
			isa = PBXGroup;
			children = (
				7915B41E21662A640000CCC4 /* TMVideoVC.swift */,
				7915B422216635B80000CCC4 /* TMVideoCell.swift */,
				7915B420216633B20000CCC4 /* TMVideoSubLisVC.swift */,
				7981BE9A21672FBD00C27384 /* TMVideoDetailsVC.swift */,
			);
			path = Videos;
			sourceTree = "<group>";
		};
		7915B41C216627B00000CCC4 /* Calculator */ = {
			isa = PBXGroup;
			children = (
				7981BEA521678AE500C27384 /* TMCalculatorVC.swift */,
				7998D1C9217EF115008710F9 /* CalculatorCell */,
				7998D1BE217EE1E9008710F9 /* TMMatrixCalculatorVC.swift */,
				7998D1CA217EF128008710F9 /* MatrixCell */,
			);
			path = Calculator;
			sourceTree = "<group>";
		};
		7915B41D216627BB0000CCC4 /* MyStaffAccounts */ = {
			isa = PBXGroup;
			children = (
				7998D1CE217F4B23008710F9 /* TMMyStaffAccountMasterVC.swift */,
				79BDBCCA218030CA00D0DFC4 /* TMStaffMasterCell.swift */,
				7998D1D0217F52DB008710F9 /* TMMyStaffAccountDetailsVC.swift */,
				79968BB12181C4C300162928 /* TMStaffLoginVC.swift */,
			);
			path = MyStaffAccounts;
			sourceTree = "<group>";
		};
		792B540C20F5DD30000223F7 = {
			isa = PBXGroup;
			children = (
				792B541720F5DD30000223F7 /* TCBA MERCHANTS */,
				792B541620F5DD30000223F7 /* Products */,
				A8643824B0A4286936FB8B60 /* Pods */,
				2B948F526E238DE8348E55A4 /* Frameworks */,
			);
			sourceTree = "<group>";
		};
		792B541620F5DD30000223F7 /* Products */ = {
			isa = PBXGroup;
			children = (
				792B541520F5DD30000223F7 /* TCBA MERCHANTS.app */,
			);
			name = Products;
			sourceTree = "<group>";
		};
		792B541720F5DD30000223F7 /* TCBA MERCHANTS */ = {
			isa = PBXGroup;
			children = (
				792B541820F5DD30000223F7 /* AppDelegate.swift */,
				792B545320F61D67000223F7 /* Models */,
				792B542A20F5E13E000223F7 /* ViewControllers */,
				792B544E20F6159A000223F7 /* HelperClasses */,
				790D392C210864C40073AE4C /* Resources */,
				792B541C20F5DD30000223F7 /* Main.storyboard */,
				792B541F20F5DD32000223F7 /* Assets.xcassets */,
				799924C820FF0CC30074BDE6 /* Launch Screen.storyboard */,
				792B542420F5DD32000223F7 /* Info.plist */,
			);
			path = "TCBA MERCHANTS";
			sourceTree = "<group>";
		};
		792B542A20F5E13E000223F7 /* ViewControllers */ = {
			isa = PBXGroup;
			children = (
				794F66E320FDB3DD00901B0C /* SplashScreen */,
				792B542C20F5E195000223F7 /* LoginRegistration */,
				799924CB20FF1AEE0074BDE6 /* TabBar */,
			);
			path = ViewControllers;
			sourceTree = "<group>";
		};
		792B542C20F5E195000223F7 /* LoginRegistration */ = {
			isa = PBXGroup;
			children = (
				792B542D20F5E2B6000223F7 /* TMLoginViewController.swift */,
			);
			path = LoginRegistration;
			sourceTree = "<group>";
		};
		792B543820F5EF7C000223F7 /* Global */ = {
			isa = PBXGroup;
			children = (
				792B543920F5EFB4000223F7 /* GConstants.swift */,
				790D392821084B4A0073AE4C /* GFunction.swift */,
				792B543B20F5F0DA000223F7 /* GExtentions.swift */,
			);
			path = Global;
			sourceTree = "<group>";
		};
		792B543D20F5F485000223F7 /* Custom Class */ = {
			isa = PBXGroup;
			children = (
				7975433A211D99880090198E /* AlertManager.swift */,
				792F28C2212192C20033E7A2 /* GradientView.swift */,
				79CDF0232108778300CA7A9C /* LoaderWithLabel.swift */,
				790D392A21084BF90073AE4C /* Events.swift */,
				792B544220F5F485000223F7 /* DPPickerManager.swift */,
				792B544420F5F485000223F7 /* StringHelper.swift */,
				79A71F06219BF5EC009D9886 /* CustomLabel.swift */,
				7913DC3E2109A525000D1A9C /* Time.swift */,
				792534D8211C629E0028C45D /* RoundedImage.swift */,
				791B428A212ABCBA0064AF34 /* CircleView.swift */,
				7905A0F3212BE9770079712A /* DynamicColView.swift */,
			);
			path = "Custom Class";
			sourceTree = "<group>";
		};
		792B544E20F6159A000223F7 /* HelperClasses */ = {
			isa = PBXGroup;
			children = (
				79018724213FB1A800C9110B /* ThirdParty */,
				790D391F21083ACE0073AE4C /* ApiManager */,
				792B545520F63402000223F7 /* Fonts */,
				792B543820F5EF7C000223F7 /* Global */,
				792B543D20F5F485000223F7 /* Custom Class */,
			);
			path = HelperClasses;
			sourceTree = "<group>";
		};
		792B545320F61D67000223F7 /* Models */ = {
			isa = PBXGroup;
			children = (
				7913DC422109B9D9000D1A9C /* RequestModels */,
				7913DC432109B9EC000D1A9C /* ResponseModels */,
			);
			path = Models;
			sourceTree = "<group>";
		};
		792B545520F63402000223F7 /* Fonts */ = {
			isa = PBXGroup;
			children = (
				790F0B8F20F71ACB00082B79 /* BlocSSiBold.ttf */,
				792B545720F63663000223F7 /* OpenSans-Bold.ttf */,
				792B545620F63663000223F7 /* OpenSans-Regular.ttf */,
				792B545820F63663000223F7 /* OpenSans-Semibold.ttf */,
			);
			path = Fonts;
			sourceTree = "<group>";
		};
		7933FCA72111B1D800E9B49B /* LoginModel */ = {
			isa = PBXGroup;
			children = (
				7913DC402109B6A1000D1A9C /* UserLoginModel.swift */,
				79FCACD12154D9BD003BC2C8 /* UserDetailsModel.swift */,
			);
			path = LoginModel;
			sourceTree = "<group>";
		};
		7933FCA82111B1EC00E9B49B /* HistoryModels */ = {
			isa = PBXGroup;
			children = (
				7933FCA92111B3FD00E9B49B /* TransactionDataModal.swift */,
				7933FCAB2111BA7E00E9B49B /* IncompleteTransactionData.swift */,
				79EE75692119CACF0041D5C4 /* TransactionDetailsModal.swift */,
				79FA3BE2211B1C16005F36F3 /* OutstandingLoyaltyModal.swift */,
				798FA577218DC0D40054A9B1 /* MerchantTnsxHistoryModel.swift */,
			);
			path = HistoryModels;
			sourceTree = "<group>";
		};
		79380A3B2105BB6C00FB4776 /* History */ = {
			isa = PBXGroup;
			children = (
				79380A442105BFF200FB4776 /* TMHistoryViewController.swift */,
				7933FCA521118E5F00E9B49B /* TMHistoryTableViewCell.swift */,
				79EE756521196B060041D5C4 /* TMHistoryDetailVC.swift */,
				79EE756721196B230041D5C4 /* TMHistoryDetailTableCell.swift */,
				798FA56F218DA0C40054A9B1 /* TMHistoryTransDetail.swift */,
				798FA56D218DA06C0054A9B1 /* TMHistoryTransDetailCell.swift */,
			);
			path = History;
			sourceTree = "<group>";
		};
		79380A3C2105BB7C00FB4776 /* QR */ = {
			isa = PBXGroup;
			children = (
				7997DF452135358400D22E92 /* SplitView */,
				792F28C42121B1040033E7A2 /* TMQRScannerVC.swift */,
				79380A422105BFD800FB4776 /* TMTransactionViewController.swift */,
				7908E49A2122F6A500E908EC /* TMMemberTransactionVC.swift */,
				797EDA032126E45D002E1438 /* TMStorePaymentVC.swift */,
				79E690D9212E998400550A98 /* TMPinViewController.swift */,
				790E31FD212FC78500224EDB /* TMPopUPVC.swift */,
				799F3CEB218889D900051677 /* TMPaySuccessPopUpVC.swift */,
				799E2F63218AC32D007D04A3 /* StorePaymentCells */,
			);
			path = QR;
			sourceTree = "<group>";
		};
		79380A3D2105BB8800FB4776 /* Share */ = {
			isa = PBXGroup;
			children = (
				79380A402105BBDB00FB4776 /* TMShareViewController.swift */,
			);
			path = Share;
			sourceTree = "<group>";
		};
		79380A3F2105BB9E00FB4776 /* More */ = {
			isa = PBXGroup;
			children = (
				79D94AC221103B9000D3FCD6 /* TMMoreViewController.swift */,
				79E8C491213E489C008E152A /* TMMoreTableCell.swift */,
				7912313B214103A400E475CF /* MyBusiness */,
				7915B41D216627BB0000CCC4 /* MyStaffAccounts */,
				7915B41B216627990000CCC4 /* Videos */,
				7915B41A216627830000CCC4 /* Alerts */,
				7915B41C216627B00000CCC4 /* Calculator */,
				79FCACD6215515A4003BC2C8 /* AboutUs */,
				79FCACD3215501F8003BC2C8 /* RateUs */,
				79FCACCE2154C66B003BC2C8 /* ContactUs */,
			);
			path = More;
			sourceTree = "<group>";
		};
		7941F32821A2E47500EF833C /* AppInfoImages */ = {
			isa = PBXGroup;
			children = (
				7941F32F21A2E4B900EF833C /* onboading_aa_main.png */,
				7941F32A21A2E4B600EF833C /* onboarding_a_around.jpg */,
				7941F32E21A2E4B800EF833C /* onboarding_b_major_brands.png */,
				7941F33021A2E4B900EF833C /* onboarding_c_cashback_qr.png */,
				7941F32D21A2E4B800EF833C /* onboarding_d_gift_cards_in_store.png */,
				7941F32B21A2E4B600EF833C /* onboarding_e_share.png */,
				7941F32921A2E4B600EF833C /* onboarding_f_score.png */,
				7941F32C21A2E4B700EF833C /* onboarding_g_started.png */,
			);
			path = AppInfoImages;
			sourceTree = "<group>";
		};
		794F66E320FDB3DD00901B0C /* SplashScreen */ = {
			isa = PBXGroup;
			children = (
				794F66E120FDAF2800901B0C /* TMSplashViewController.swift */,
			);
			path = SplashScreen;
			sourceTree = "<group>";
		};
		7981BE952167200D00C27384 /* VideoModel */ = {
			isa = PBXGroup;
			children = (
				7981BE962167204400C27384 /* VideoCategoryModel.swift */,
				7981BE9821672AB800C27384 /* VideoSubCategoryModel.swift */,
			);
			path = VideoModel;
			sourceTree = "<group>";
		};
		7981BEA22167708F00C27384 /* Alerts */ = {
			isa = PBXGroup;
			children = (
				7981BEA32167709F00C27384 /* AlertNotificationsModel.swift */,
			);
			path = Alerts;
			sourceTree = "<group>";
		};
		7997DF452135358400D22E92 /* SplitView */ = {
			isa = PBXGroup;
			children = (
				7997DF46213535C600D22E92 /* TMSplitPaymentMasterVC.swift */,
				7997DF48213535ED00D22E92 /* TMSplitPaymentDetailVC.swift */,
			);
			path = SplitView;
			sourceTree = "<group>";
		};
		7998D1C4217EEE1B008710F9 /* Calculator */ = {
			isa = PBXGroup;
			children = (
				7998D1C5217EEE5F008710F9 /* GetUserMatrixModel.swift */,
			);
			path = Calculator;
			sourceTree = "<group>";
		};
		7998D1C9217EF115008710F9 /* CalculatorCell */ = {
			isa = PBXGroup;
			children = (
				7953B788216B1B3900832AA7 /* TMCalculatorCell.swift */,
				7953B78A216B1B5900832AA7 /* TMCalculatorHeaderCell.swift */,
			);
			path = CalculatorCell;
			sourceTree = "<group>";
		};
		7998D1CA217EF128008710F9 /* MatrixCell */ = {
			isa = PBXGroup;
			children = (
				7998D1C0217EE217008710F9 /* TMMatrixHeaderCell.swift */,
				7998D1C7217EF0F8008710F9 /* TMMatrixCell.swift */,
				7998D1C2217EE22C008710F9 /* TMMatrixFooterCell.swift */,
			);
			path = MatrixCell;
			sourceTree = "<group>";
		};
		7998D1CB217F4A2E008710F9 /* StaffAccount */ = {
			isa = PBXGroup;
			children = (
				7998D1CC217F4A54008710F9 /* GetStaffMemberModel.swift */,
				79968BAF218183AE00162928 /* GetMerchantStoresModel.swift */,
				79968BB32181EDF800162928 /* PostCheckPasswordModel.swift */,
			);
			path = StaffAccount;
			sourceTree = "<group>";
		};
		799924CA20FF1ACD0074BDE6 /* Home */ = {
			isa = PBXGroup;
			children = (
				799924CC20FF1B270074BDE6 /* TMHomeViewController.swift */,
				799924CE20FF1B480074BDE6 /* TMHomeTableViewCell.swift */,
			);
			path = Home;
			sourceTree = "<group>";
		};
		799924CB20FF1AEE0074BDE6 /* TabBar */ = {
			isa = PBXGroup;
			children = (
				79380A392105B17100FB4776 /* TMTabbarViewController.swift */,
				799924CA20FF1ACD0074BDE6 /* Home */,
				79380A3B2105BB6C00FB4776 /* History */,
				79380A3C2105BB7C00FB4776 /* QR */,
				79380A3D2105BB8800FB4776 /* Share */,
				79380A3F2105BB9E00FB4776 /* More */,
			);
			path = TabBar;
			sourceTree = "<group>";
		};
		799E2F63218AC32D007D04A3 /* StorePaymentCells */ = {
			isa = PBXGroup;
			children = (
				799F3CED21888E8C00051677 /* TMPaymentSuccessCell.swift */,
				791B4288212AA1070064AF34 /* TMStorePaymentCVCell.swift */,
				7905A0F5212C22EE0079712A /* TMStorePaymentTVCell.swift */,
				79FD4D1A212D3A0C003AC29F /* TMCardTVCell.swift */,
				799E2F61218AC312007D04A3 /* TMPremiumCardCell.swift */,
			);
			path = StorePaymentCells;
			sourceTree = "<group>";
		};
		79F4EFBF215103AF0033AD51 /* ContactCells */ = {
			isa = PBXGroup;
			children = (
				79F4EFBB2150D6CC0033AD51 /* TMContactDetailsCell.swift */,
				79F4EFBD2150D6F30033AD51 /* TMContactRadioCell.swift */,
			);
			path = ContactCells;
			sourceTree = "<group>";
		};
		79FCACCE2154C66B003BC2C8 /* ContactUs */ = {
			isa = PBXGroup;
			children = (
				79FCACCF2154C69B003BC2C8 /* TMContactUsVC.swift */,
			);
			path = ContactUs;
			sourceTree = "<group>";
		};
		79FCACD3215501F8003BC2C8 /* RateUs */ = {
			isa = PBXGroup;
			children = (
				79FCACD421550218003BC2C8 /* TMRateUsVC.swift */,
			);
			path = RateUs;
			sourceTree = "<group>";
		};
		79FCACD6215515A4003BC2C8 /* AboutUs */ = {
			isa = PBXGroup;
			children = (
				79FCACD7215515C4003BC2C8 /* TMAboutUsVC.swift */,
				79FCACD9215521BF003BC2C8 /* TMAboutUsSubLisVC.swift */,
				7903C4F021622A630065B51C /* TMAboutUsSubLisDetailVC.swift */,
				7941F33921A2E63400EF833C /* TMAppOverViewVC.swift */,
			);
			path = AboutUs;
			sourceTree = "<group>";
		};
		A8643824B0A4286936FB8B60 /* Pods */ = {
			isa = PBXGroup;
			children = (
				69491408B57AC0804355ECBD /* Pods-TCBA MERCHANTS.debug.xcconfig */,
				F1D02BAEF8FD0D998288EEB8 /* Pods-TCBA MERCHANTS.release.xcconfig */,
			);
			name = Pods;
			sourceTree = "<group>";
		};
/* End PBXGroup section */

/* Begin PBXNativeTarget section */
		792B541420F5DD30000223F7 /* TCBA MERCHANTS */ = {
			isa = PBXNativeTarget;
			buildConfigurationList = 792B542720F5DD32000223F7 /* Build configuration list for PBXNativeTarget "TCBA MERCHANTS" */;
			buildPhases = (
				F1704546A4E62111D2E45F37 /* [CP] Check Pods Manifest.lock */,
				792B541120F5DD30000223F7 /* Sources */,
				792B541220F5DD30000223F7 /* Frameworks */,
				792B541320F5DD30000223F7 /* Resources */,
				A000B2C1C0F2A393349D6B59 /* [CP] Embed Pods Frameworks */,
			);
			buildRules = (
			);
			dependencies = (
			);
			name = "TCBA MERCHANTS";
			productName = "TCBA MERCHANTS";
			productReference = 792B541520F5DD30000223F7 /* TCBA MERCHANTS.app */;
			productType = "com.apple.product-type.application";
		};
/* End PBXNativeTarget section */

/* Begin PBXProject section */
		792B540D20F5DD30000223F7 /* Project object */ = {
			isa = PBXProject;
			attributes = {
				CLASSPREFIX = TM;
				LastSwiftUpdateCheck = 0940;
				LastUpgradeCheck = 0940;
				ORGANIZATIONNAME = "GS Bit Labs";
				TargetAttributes = {
					792B541420F5DD30000223F7 = {
						CreatedOnToolsVersion = 9.4.1;
						LastSwiftMigration = 1000;
					};
				};
			};
			buildConfigurationList = 792B541020F5DD30000223F7 /* Build configuration list for PBXProject "TCBA MERCHANTS" */;
			compatibilityVersion = "Xcode 9.3";
			developmentRegion = en;
			hasScannedForEncodings = 0;
			knownRegions = (
				en,
				Base,
			);
			mainGroup = 792B540C20F5DD30000223F7;
			productRefGroup = 792B541620F5DD30000223F7 /* Products */;
			projectDirPath = "";
			projectRoot = "";
			targets = (
				792B541420F5DD30000223F7 /* TCBA MERCHANTS */,
			);
		};
/* End PBXProject section */

/* Begin PBXResourcesBuildPhase section */
		792B541320F5DD30000223F7 /* Resources */ = {
			isa = PBXResourcesBuildPhase;
			buildActionMask = 2147483647;
			files = (
				7941F33621A2E4BA00EF833C /* onboarding_b_major_brands.png in Resources */,
				7941F33121A2E4BA00EF833C /* onboarding_f_score.png in Resources */,
				792B545920F63663000223F7 /* OpenSans-Regular.ttf in Resources */,
				7941F33821A2E4BA00EF833C /* onboarding_c_cashback_qr.png in Resources */,
				792B545A20F63663000223F7 /* OpenSans-Bold.ttf in Resources */,
				799924C920FF0CC30074BDE6 /* Launch Screen.storyboard in Resources */,
				790F0B9020F71ACB00082B79 /* BlocSSiBold.ttf in Resources */,
				792B542020F5DD32000223F7 /* Assets.xcassets in Resources */,
				7941F33321A2E4BA00EF833C /* onboarding_e_share.png in Resources */,
				7941F33421A2E4BA00EF833C /* onboarding_g_started.png in Resources */,
				7941F33521A2E4BA00EF833C /* onboarding_d_gift_cards_in_store.png in Resources */,
				792B545B20F63663000223F7 /* OpenSans-Semibold.ttf in Resources */,
				7901887E213FE8A100C9110B /* CKEditor in Resources */,
				790D392F210865110073AE4C /* LoaderAnim.gif in Resources */,
				7941F33221A2E4BA00EF833C /* onboarding_a_around.jpg in Resources */,
				7941F33721A2E4BA00EF833C /* onboading_aa_main.png in Resources */,
				792B541E20F5DD30000223F7 /* Main.storyboard in Resources */,
			);
			runOnlyForDeploymentPostprocessing = 0;
		};
/* End PBXResourcesBuildPhase section */

/* Begin PBXShellScriptBuildPhase section */
		A000B2C1C0F2A393349D6B59 /* [CP] Embed Pods Frameworks */ = {
			isa = PBXShellScriptBuildPhase;
			buildActionMask = 2147483647;
			files = (
			);
			inputPaths = (
				"${SRCROOT}/Pods/Target Support Files/Pods-TCBA MERCHANTS/Pods-TCBA MERCHANTS-frameworks.sh",
				"${BUILT_PRODUCTS_DIR}/Alamofire/Alamofire.framework",
				"${BUILT_PRODUCTS_DIR}/Cosmos/Cosmos.framework",
				"${BUILT_PRODUCTS_DIR}/ESTabBarController-swift/ESTabBarController_swift.framework",
				"${BUILT_PRODUCTS_DIR}/EmptyDataSet-Swift/EmptyDataSet_Swift.framework",
				"${BUILT_PRODUCTS_DIR}/IQKeyboardManagerSwift/IQKeyboardManagerSwift.framework",
				"${BUILT_PRODUCTS_DIR}/PickerView/PickerView.framework",
				"${BUILT_PRODUCTS_DIR}/SDWebImage/SDWebImage.framework",
				"${BUILT_PRODUCTS_DIR}/SwiftGifOrigin/SwiftGifOrigin.framework",
				"${BUILT_PRODUCTS_DIR}/SwiftyJSON/SwiftyJSON.framework",
			);
			name = "[CP] Embed Pods Frameworks";
			outputPaths = (
				"${TARGET_BUILD_DIR}/${FRAMEWORKS_FOLDER_PATH}/Alamofire.framework",
				"${TARGET_BUILD_DIR}/${FRAMEWORKS_FOLDER_PATH}/Cosmos.framework",
				"${TARGET_BUILD_DIR}/${FRAMEWORKS_FOLDER_PATH}/ESTabBarController_swift.framework",
				"${TARGET_BUILD_DIR}/${FRAMEWORKS_FOLDER_PATH}/EmptyDataSet_Swift.framework",
				"${TARGET_BUILD_DIR}/${FRAMEWORKS_FOLDER_PATH}/IQKeyboardManagerSwift.framework",
				"${TARGET_BUILD_DIR}/${FRAMEWORKS_FOLDER_PATH}/PickerView.framework",
				"${TARGET_BUILD_DIR}/${FRAMEWORKS_FOLDER_PATH}/SDWebImage.framework",
				"${TARGET_BUILD_DIR}/${FRAMEWORKS_FOLDER_PATH}/SwiftGifOrigin.framework",
				"${TARGET_BUILD_DIR}/${FRAMEWORKS_FOLDER_PATH}/SwiftyJSON.framework",
			);
			runOnlyForDeploymentPostprocessing = 0;
			shellPath = /bin/sh;
			shellScript = "\"${SRCROOT}/Pods/Target Support Files/Pods-TCBA MERCHANTS/Pods-TCBA MERCHANTS-frameworks.sh\"\n";
			showEnvVarsInLog = 0;
		};
		F1704546A4E62111D2E45F37 /* [CP] Check Pods Manifest.lock */ = {
			isa = PBXShellScriptBuildPhase;
			buildActionMask = 2147483647;
			files = (
			);
			inputPaths = (
				"${PODS_PODFILE_DIR_PATH}/Podfile.lock",
				"${PODS_ROOT}/Manifest.lock",
			);
			name = "[CP] Check Pods Manifest.lock";
			outputPaths = (
				"$(DERIVED_FILE_DIR)/Pods-TCBA MERCHANTS-checkManifestLockResult.txt",
			);
			runOnlyForDeploymentPostprocessing = 0;
			shellPath = /bin/sh;
			shellScript = "diff \"${PODS_PODFILE_DIR_PATH}/Podfile.lock\" \"${PODS_ROOT}/Manifest.lock\" > /dev/null\nif [ $? != 0 ] ; then\n    # print error to STDERR\n    echo \"error: The sandbox is not in sync with the Podfile.lock. Run 'pod install' or update your CocoaPods installation.\" >&2\n    exit 1\nfi\n# This output is used by Xcode 'outputs' to avoid re-running this script phase.\necho \"SUCCESS\" > \"${SCRIPT_OUTPUT_FILE_0}\"\n";
			showEnvVarsInLog = 0;
		};
/* End PBXShellScriptBuildPhase section */

/* Begin PBXSourcesBuildPhase section */
		792B541120F5DD30000223F7 /* Sources */ = {
			isa = PBXSourcesBuildPhase;
			buildActionMask = 2147483647;
			files = (
				797EDA042126E45D002E1438 /* TMStorePaymentVC.swift in Sources */,
				7998D1D1217F52DB008710F9 /* TMMyStaffAccountDetailsVC.swift in Sources */,
				7981BEA121676D4F00C27384 /* TMAlertCell.swift in Sources */,
				7975433B211D99880090198E /* AlertManager.swift in Sources */,
				790D392B21084BF90073AE4C /* Events.swift in Sources */,
				792534D9211C629E0028C45D /* RoundedImage.swift in Sources */,
				79F4EFBC2150D6CC0033AD51 /* TMContactDetailsCell.swift in Sources */,
				79EF44452125865C000C284B /* PostCreatePOSModal.swift in Sources */,
				79968BB22181C4C300162928 /* TMStaffLoginVC.swift in Sources */,
				790D39252108477E0073AE4C /* ApiManager.swift in Sources */,
				7998D1CF217F4B23008710F9 /* TMMyStaffAccountMasterVC.swift in Sources */,
				791231342141000700E475CF /* TMContactDetailVC.swift in Sources */,
				7913DC3F2109A525000D1A9C /* Time.swift in Sources */,
				799E2F62218AC312007D04A3 /* TMPremiumCardCell.swift in Sources */,
				7905A0F4212BE9770079712A /* DynamicColView.swift in Sources */,
				7998D1C8217EF0F8008710F9 /* TMMatrixCell.swift in Sources */,
				792B544C20F5F485000223F7 /* StringHelper.swift in Sources */,
				790D392721084A3B0073AE4C /* Connectivity.swift in Sources */,
				79FCACD02154C69B003BC2C8 /* TMContactUsVC.swift in Sources */,
				79FD4D1B212D3A0C003AC29F /* TMCardTVCell.swift in Sources */,
				79E690DA212E998400550A98 /* TMPinViewController.swift in Sources */,
				79E8C492213E489C008E152A /* TMMoreTableCell.swift in Sources */,
				790D392921084B4A0073AE4C /* GFunction.swift in Sources */,
				7903C4F121622A630065B51C /* TMAboutUsSubLisDetailVC.swift in Sources */,
				7953B78B216B1B5900832AA7 /* TMCalculatorHeaderCell.swift in Sources */,
				792F28C3212192C20033E7A2 /* GradientView.swift in Sources */,
				7981BE9B21672FBD00C27384 /* TMVideoDetailsVC.swift in Sources */,
				7903C4EF2162221A0065B51C /* GetAboutUsSectionModel.swift in Sources */,
				79F4EFBE2150D6F30033AD51 /* TMContactRadioCell.swift in Sources */,
				7997DF49213535ED00D22E92 /* TMSplitPaymentDetailVC.swift in Sources */,
				7981BE9F21676D3700C27384 /* TMAlertsDetailVC.swift in Sources */,
				798FA56E218DA06C0054A9B1 /* TMHistoryTransDetailCell.swift in Sources */,
				79380A432105BFD800FB4776 /* TMTransactionViewController.swift in Sources */,
				79380A3A2105B17100FB4776 /* TMTabbarViewController.swift in Sources */,
				7998D1CD217F4A54008710F9 /* GetStaffMemberModel.swift in Sources */,
				79BDBCCB218030CA00D0DFC4 /* TMStaffMasterCell.swift in Sources */,
				79CDF0242108778300CA7A9C /* LoaderWithLabel.swift in Sources */,
				7900FB45214670EF00BC3D36 /* TMDatePickerVC.swift in Sources */,
				7953B789216B1B3900832AA7 /* TMCalculatorCell.swift in Sources */,
				7915B423216635B80000CCC4 /* TMVideoCell.swift in Sources */,
				793578AA21423A0E00BA6D7B /* TMTradingJoinCell.swift in Sources */,
				79CDF02C2108A13E00CA7A9C /* RequestModal.swift in Sources */,
				7933FCAA2111B3FD00E9B49B /* TransactionDataModal.swift in Sources */,
				7981BEA621678AE500C27384 /* TMCalculatorVC.swift in Sources */,
				79FCACD22154D9BD003BC2C8 /* UserDetailsModel.swift in Sources */,
				791B428B212ABCBA0064AF34 /* CircleView.swift in Sources */,
				79FA3BE3211B1C16005F36F3 /* OutstandingLoyaltyModal.swift in Sources */,
				79E5D91E21491CD4008CD66E /* TMStoreImagesCell.swift in Sources */,
				799924CF20FF1B480074BDE6 /* TMHomeTableViewCell.swift in Sources */,
				79FCACD521550218003BC2C8 /* TMRateUsVC.swift in Sources */,
				7933FCA621118E6000E9B49B /* TMHistoryTableViewCell.swift in Sources */,
				7908E49B2122F6A500E908EC /* TMMemberTransactionVC.swift in Sources */,
				7981BE9921672AB800C27384 /* VideoSubCategoryModel.swift in Sources */,
				792B541920F5DD30000223F7 /* AppDelegate.swift in Sources */,
				791231362141024B00E475CF /* TMBankDetailsVC.swift in Sources */,
				79EE756821196B230041D5C4 /* TMHistoryDetailTableCell.swift in Sources */,
				7981BEA42167709F00C27384 /* AlertNotificationsModel.swift in Sources */,
				798FA578218DC0D40054A9B1 /* MerchantTnsxHistoryModel.swift in Sources */,
				79E8C498213EAD18008E152A /* TMEditBusinessDetailVC.swift in Sources */,
				798FA570218DA0C40054A9B1 /* TMHistoryTransDetail.swift in Sources */,
				7998D1BF217EE1E9008710F9 /* TMMatrixCalculatorVC.swift in Sources */,
				791231442141534D00E475CF /* TMTradingSplitCell.swift in Sources */,
				799924CD20FF1B270074BDE6 /* TMHomeViewController.swift in Sources */,
				79F0545321537627005B9CAC /* CountriesModel.swift in Sources */,
				79A71F07219BF5EC009D9886 /* CustomLabel.swift in Sources */,
				79123138214102AA00E475CF /* TMStoreImagesVC.swift in Sources */,
				7908E4992122E1EA00E908EC /* MemberTrasactionModal.swift in Sources */,
				79380A452105BFF200FB4776 /* TMHistoryViewController.swift in Sources */,
				79968BB42181EDF800162928 /* PostCheckPasswordModel.swift in Sources */,
				79FCACDA215521BF003BC2C8 /* TMAboutUsSubLisVC.swift in Sources */,
				791B4289212AA1070064AF34 /* TMStorePaymentCVCell.swift in Sources */,
				79E8C494213E6AEC008E152A /* TMMyBusinessVC.swift in Sources */,
				7913DC412109B6A1000D1A9C /* UserLoginModel.swift in Sources */,
				790D392321083B720073AE4C /* GAPIConstant.swift in Sources */,
				7915B421216633B20000CCC4 /* TMVideoSubLisVC.swift in Sources */,
				79FCACD8215515C4003BC2C8 /* TMAboutUsVC.swift in Sources */,
				7998D1C6217EEE5F008710F9 /* GetUserMatrixModel.swift in Sources */,
				79D94AC321103B9000D3FCD6 /* TMMoreViewController.swift in Sources */,
				79380A412105BBDB00FB4776 /* TMShareViewController.swift in Sources */,
				7998D1C3217EE22C008710F9 /* TMMatrixFooterCell.swift in Sources */,
				7998D1C1217EE217008710F9 /* TMMatrixHeaderCell.swift in Sources */,
				7933FCAC2111BA7E00E9B49B /* IncompleteTransactionData.swift in Sources */,
				7941F33A21A2E63400EF833C /* TMAppOverViewVC.swift in Sources */,
				790E31FE212FC78500224EDB /* TMPopUPVC.swift in Sources */,
				7997DF47213535C600D22E92 /* TMSplitPaymentMasterVC.swift in Sources */,
				7912313D2141136500E475CF /* TMTradingCell.swift in Sources */,
				7912314021412E8600E475CF /* TradingHourModel.swift in Sources */,
				794F66E220FDAF2800901B0C /* TMSplashViewController.swift in Sources */,
				799F3CEC218889D900051677 /* TMPaySuccessPopUpVC.swift in Sources */,
				79E8C496213E6DFE008E152A /* TMMyBusinessCVCell.swift in Sources */,
				79EE756A2119CACF0041D5C4 /* TransactionDetailsModal.swift in Sources */,
				792B542E20F5E2B6000223F7 /* TMLoginViewController.swift in Sources */,
				79E5D920214922E6008CD66E /* StoreDetailsModel.swift in Sources */,
				7912313A2141030D00E475CF /* TMMainImageVC.swift in Sources */,
				791231322140FDA900E475CF /* TMTradingHoursVC.swift in Sources */,
				79F05451215375FC005B9CAC /* StatesModel.swift in Sources */,
				792B543C20F5F0DA000223F7 /* GExtentions.swift in Sources */,
				7981BE972167204400C27384 /* VideoCategoryModel.swift in Sources */,
				7905A0F6212C22EE0079712A /* TMStorePaymentTVCell.swift in Sources */,
				79968BB0218183AE00162928 /* GetMerchantStoresModel.swift in Sources */,
				792F28C52121B1040033E7A2 /* TMQRScannerVC.swift in Sources */,
				79E5D91C21490075008CD66E /* TMTermOfUseVC.swift in Sources */,
				79EE756621196B060041D5C4 /* TMHistoryDetailVC.swift in Sources */,
				7981BE9D21676D1000C27384 /* TMAlertsVC.swift in Sources */,
				792B543A20F5EFB4000223F7 /* GConstants.swift in Sources */,
				792B544A20F5F485000223F7 /* DPPickerManager.swift in Sources */,
				7915B41F21662A640000CCC4 /* TMVideoVC.swift in Sources */,
				799F3CEE21888E8C00051677 /* TMPaymentSuccessCell.swift in Sources */,
			);
			runOnlyForDeploymentPostprocessing = 0;
		};
/* End PBXSourcesBuildPhase section */

/* Begin PBXVariantGroup section */
		792B541C20F5DD30000223F7 /* Main.storyboard */ = {
			isa = PBXVariantGroup;
			children = (
				792B541D20F5DD30000223F7 /* Base */,
			);
			name = Main.storyboard;
			sourceTree = "<group>";
		};
/* End PBXVariantGroup section */

/* Begin XCBuildConfiguration section */
		792B542520F5DD32000223F7 /* Debug */ = {
			isa = XCBuildConfiguration;
			buildSettings = {
				ALWAYS_SEARCH_USER_PATHS = NO;
				CLANG_ANALYZER_NONNULL = YES;
				CLANG_ANALYZER_NUMBER_OBJECT_CONVERSION = YES_AGGRESSIVE;
				CLANG_CXX_LANGUAGE_STANDARD = "gnu++14";
				CLANG_CXX_LIBRARY = "libc++";
				CLANG_ENABLE_MODULES = YES;
				CLANG_ENABLE_OBJC_ARC = YES;
				CLANG_ENABLE_OBJC_WEAK = YES;
				CLANG_WARN_BLOCK_CAPTURE_AUTORELEASING = YES;
				CLANG_WARN_BOOL_CONVERSION = YES;
				CLANG_WARN_COMMA = YES;
				CLANG_WARN_CONSTANT_CONVERSION = YES;
				CLANG_WARN_DEPRECATED_OBJC_IMPLEMENTATIONS = YES;
				CLANG_WARN_DIRECT_OBJC_ISA_USAGE = YES_ERROR;
				CLANG_WARN_DOCUMENTATION_COMMENTS = YES;
				CLANG_WARN_EMPTY_BODY = YES;
				CLANG_WARN_ENUM_CONVERSION = YES;
				CLANG_WARN_INFINITE_RECURSION = YES;
				CLANG_WARN_INT_CONVERSION = YES;
				CLANG_WARN_NON_LITERAL_NULL_CONVERSION = YES;
				CLANG_WARN_OBJC_IMPLICIT_RETAIN_SELF = YES;
				CLANG_WARN_OBJC_LITERAL_CONVERSION = YES;
				CLANG_WARN_OBJC_ROOT_CLASS = YES_ERROR;
				CLANG_WARN_RANGE_LOOP_ANALYSIS = YES;
				CLANG_WARN_STRICT_PROTOTYPES = YES;
				CLANG_WARN_SUSPICIOUS_MOVE = YES;
				CLANG_WARN_UNGUARDED_AVAILABILITY = YES_AGGRESSIVE;
				CLANG_WARN_UNREACHABLE_CODE = YES;
				CLANG_WARN__DUPLICATE_METHOD_MATCH = YES;
				CODE_SIGN_IDENTITY = "iPhone Developer";
				COPY_PHASE_STRIP = NO;
				DEBUG_INFORMATION_FORMAT = dwarf;
				ENABLE_STRICT_OBJC_MSGSEND = YES;
				ENABLE_TESTABILITY = YES;
				GCC_C_LANGUAGE_STANDARD = gnu11;
				GCC_DYNAMIC_NO_PIC = NO;
				GCC_NO_COMMON_BLOCKS = YES;
				GCC_OPTIMIZATION_LEVEL = 0;
				GCC_PREPROCESSOR_DEFINITIONS = (
					"DEBUG=1",
					"$(inherited)",
				);
				GCC_WARN_64_TO_32_BIT_CONVERSION = YES;
				GCC_WARN_ABOUT_RETURN_TYPE = YES_ERROR;
				GCC_WARN_UNDECLARED_SELECTOR = YES;
				GCC_WARN_UNINITIALIZED_AUTOS = YES_AGGRESSIVE;
				GCC_WARN_UNUSED_FUNCTION = YES;
				GCC_WARN_UNUSED_VARIABLE = YES;
				IPHONEOS_DEPLOYMENT_TARGET = 11.4;
				MTL_ENABLE_DEBUG_INFO = YES;
				ONLY_ACTIVE_ARCH = YES;
				SDKROOT = iphoneos;
				SWIFT_ACTIVE_COMPILATION_CONDITIONS = DEBUG;
				SWIFT_OPTIMIZATION_LEVEL = "-Onone";
			};
			name = Debug;
		};
		792B542620F5DD32000223F7 /* Release */ = {
			isa = XCBuildConfiguration;
			buildSettings = {
				ALWAYS_SEARCH_USER_PATHS = NO;
				CLANG_ANALYZER_NONNULL = YES;
				CLANG_ANALYZER_NUMBER_OBJECT_CONVERSION = YES_AGGRESSIVE;
				CLANG_CXX_LANGUAGE_STANDARD = "gnu++14";
				CLANG_CXX_LIBRARY = "libc++";
				CLANG_ENABLE_MODULES = YES;
				CLANG_ENABLE_OBJC_ARC = YES;
				CLANG_ENABLE_OBJC_WEAK = YES;
				CLANG_WARN_BLOCK_CAPTURE_AUTORELEASING = YES;
				CLANG_WARN_BOOL_CONVERSION = YES;
				CLANG_WARN_COMMA = YES;
				CLANG_WARN_CONSTANT_CONVERSION = YES;
				CLANG_WARN_DEPRECATED_OBJC_IMPLEMENTATIONS = YES;
				CLANG_WARN_DIRECT_OBJC_ISA_USAGE = YES_ERROR;
				CLANG_WARN_DOCUMENTATION_COMMENTS = YES;
				CLANG_WARN_EMPTY_BODY = YES;
				CLANG_WARN_ENUM_CONVERSION = YES;
				CLANG_WARN_INFINITE_RECURSION = YES;
				CLANG_WARN_INT_CONVERSION = YES;
				CLANG_WARN_NON_LITERAL_NULL_CONVERSION = YES;
				CLANG_WARN_OBJC_IMPLICIT_RETAIN_SELF = YES;
				CLANG_WARN_OBJC_LITERAL_CONVERSION = YES;
				CLANG_WARN_OBJC_ROOT_CLASS = YES_ERROR;
				CLANG_WARN_RANGE_LOOP_ANALYSIS = YES;
				CLANG_WARN_STRICT_PROTOTYPES = YES;
				CLANG_WARN_SUSPICIOUS_MOVE = YES;
				CLANG_WARN_UNGUARDED_AVAILABILITY = YES_AGGRESSIVE;
				CLANG_WARN_UNREACHABLE_CODE = YES;
				CLANG_WARN__DUPLICATE_METHOD_MATCH = YES;
				CODE_SIGN_IDENTITY = "iPhone Developer";
				COPY_PHASE_STRIP = NO;
				DEBUG_INFORMATION_FORMAT = "dwarf-with-dsym";
				ENABLE_NS_ASSERTIONS = NO;
				ENABLE_STRICT_OBJC_MSGSEND = YES;
				GCC_C_LANGUAGE_STANDARD = gnu11;
				GCC_NO_COMMON_BLOCKS = YES;
				GCC_WARN_64_TO_32_BIT_CONVERSION = YES;
				GCC_WARN_ABOUT_RETURN_TYPE = YES_ERROR;
				GCC_WARN_UNDECLARED_SELECTOR = YES;
				GCC_WARN_UNINITIALIZED_AUTOS = YES_AGGRESSIVE;
				GCC_WARN_UNUSED_FUNCTION = YES;
				GCC_WARN_UNUSED_VARIABLE = YES;
				IPHONEOS_DEPLOYMENT_TARGET = 11.4;
				MTL_ENABLE_DEBUG_INFO = NO;
				SDKROOT = iphoneos;
				SWIFT_COMPILATION_MODE = wholemodule;
				SWIFT_OPTIMIZATION_LEVEL = "-O";
				VALIDATE_PRODUCT = YES;
			};
			name = Release;
		};
		792B542820F5DD32000223F7 /* Debug */ = {
			isa = XCBuildConfiguration;
			baseConfigurationReference = 69491408B57AC0804355ECBD /* Pods-TCBA MERCHANTS.debug.xcconfig */;
			buildSettings = {
				ASSETCATALOG_COMPILER_APPICON_NAME = AppIcon;
				CODE_SIGN_STYLE = Manual;
				DEVELOPMENT_TEAM = SJ9ZR8L8WC;
				INFOPLIST_FILE = "TCBA MERCHANTS/Info.plist";
				IPHONEOS_DEPLOYMENT_TARGET = 11.0;
				LD_RUNPATH_SEARCH_PATHS = (
					"$(inherited)",
					"@executable_path/Frameworks",
				);
				PRODUCT_BUNDLE_IDENTIFIER = com.cashback.TCBAMerchant;
				PRODUCT_NAME = "$(TARGET_NAME)";
				PROVISIONING_PROFILE = "d6d73762-b0f9-4062-b504-47635363de87";
				PROVISIONING_PROFILE_SPECIFIER = TCBAMerchant;
				SWIFT_VERSION = 4.2;
				TARGETED_DEVICE_FAMILY = "1,2";
			};
			name = Debug;
		};
		792B542920F5DD32000223F7 /* Release */ = {
			isa = XCBuildConfiguration;
			baseConfigurationReference = F1D02BAEF8FD0D998288EEB8 /* Pods-TCBA MERCHANTS.release.xcconfig */;
			buildSettings = {
				ASSETCATALOG_COMPILER_APPICON_NAME = AppIcon;
				CODE_SIGN_STYLE = Manual;
				DEVELOPMENT_TEAM = SJ9ZR8L8WC;
				INFOPLIST_FILE = "TCBA MERCHANTS/Info.plist";
				IPHONEOS_DEPLOYMENT_TARGET = 11.0;
				LD_RUNPATH_SEARCH_PATHS = (
					"$(inherited)",
					"@executable_path/Frameworks",
				);
				PRODUCT_BUNDLE_IDENTIFIER = com.cashback.TCBAMerchant;
				PRODUCT_NAME = "$(TARGET_NAME)";
				PROVISIONING_PROFILE = "d6d73762-b0f9-4062-b504-47635363de87";
				PROVISIONING_PROFILE_SPECIFIER = TCBAMerchant;
				SWIFT_VERSION = 4.2;
				TARGETED_DEVICE_FAMILY = "1,2";
			};
			name = Release;
		};
/* End XCBuildConfiguration section */

/* Begin XCConfigurationList section */
		792B541020F5DD30000223F7 /* Build configuration list for PBXProject "TCBA MERCHANTS" */ = {
			isa = XCConfigurationList;
			buildConfigurations = (
				792B542520F5DD32000223F7 /* Debug */,
				792B542620F5DD32000223F7 /* Release */,
			);
			defaultConfigurationIsVisible = 0;
			defaultConfigurationName = Release;
		};
		792B542720F5DD32000223F7 /* Build configuration list for PBXNativeTarget "TCBA MERCHANTS" */ = {
			isa = XCConfigurationList;
			buildConfigurations = (
				792B542820F5DD32000223F7 /* Debug */,
				792B542920F5DD32000223F7 /* Release */,
			);
			defaultConfigurationIsVisible = 0;
			defaultConfigurationName = Release;
		};
/* End XCConfigurationList section */
	};
	rootObject = 792B540D20F5DD30000223F7 /* Project object */;
}
